// !$*UTF8*$!
{
	archiveVersion = 1;
	classes = {
	};
	objectVersion = 50;
	objects = {

/* Begin PBXBuildFile section */
		31123D6421E4937000DA280B /* LockOwnerType.swift in Sources */ = {isa = PBXBuildFile; fileRef = 31123D6321E4937000DA280B /* LockOwnerType.swift */; };
		31123D6621E49C0A00DA280B /* SynchronizedOnType.swift in Sources */ = {isa = PBXBuildFile; fileRef = 31123D6521E49C0A00DA280B /* SynchronizedOnType.swift */; };
		31123D6C21E5F5F400DA280B /* Create.swift in Sources */ = {isa = PBXBuildFile; fileRef = 31123D6B21E5F5F400DA280B /* Create.swift */; };
		31123D7121E77B7A00DA280B /* Take.swift in Sources */ = {isa = PBXBuildFile; fileRef = 31123D7021E77B7A00DA280B /* Take.swift */; };
		31123D7321E780DC00DA280B /* Empty.swift in Sources */ = {isa = PBXBuildFile; fileRef = 31123D7221E780DC00DA280B /* Empty.swift */; };
		31123D7521E7972C00DA280B /* TakeLast.swift in Sources */ = {isa = PBXBuildFile; fileRef = 31123D7421E7972C00DA280B /* TakeLast.swift */; };
		31123D7821E8370100DA280B /* TakeUntil.swift in Sources */ = {isa = PBXBuildFile; fileRef = 31123D7721E8370100DA280B /* TakeUntil.swift */; };
		31123D7A21E87FB500DA280B /* TakeWhile.swift in Sources */ = {isa = PBXBuildFile; fileRef = 31123D7921E87FB500DA280B /* TakeWhile.swift */; };
		31123D7C21E887EF00DA280B /* Skip.swift in Sources */ = {isa = PBXBuildFile; fileRef = 31123D7B21E887EF00DA280B /* Skip.swift */; };
		31123D7E21E8968A00DA280B /* SkipUntil.swift in Sources */ = {isa = PBXBuildFile; fileRef = 31123D7D21E8968A00DA280B /* SkipUntil.swift */; };
		31123D8021E8E62A00DA280B /* SkipWhile.swift in Sources */ = {isa = PBXBuildFile; fileRef = 31123D7F21E8E62A00DA280B /* SkipWhile.swift */; };
		31123D8421EB778100DA280B /* Reduce.swift in Sources */ = {isa = PBXBuildFile; fileRef = 31123D8321EB778100DA280B /* Reduce.swift */; };
		31365BB521F1DB8500148121 /* CombineLatest.swift in Sources */ = {isa = PBXBuildFile; fileRef = 31365BB421F1DB8500148121 /* CombineLatest.swift */; };
		31365BBA21F4B83100148121 /* DefaultIfEmpty.swift in Sources */ = {isa = PBXBuildFile; fileRef = 31365BB921F4B83100148121 /* DefaultIfEmpty.swift */; };
		31365BC721F5968400148121 /* Switch.swift in Sources */ = {isa = PBXBuildFile; fileRef = 31365BC621F5968400148121 /* Switch.swift */; };
		31365BC921F5AC7E00148121 /* SerialDisposable.swift in Sources */ = {isa = PBXBuildFile; fileRef = 31365BC821F5AC7E00148121 /* SerialDisposable.swift */; };
		31365BCC21F6127100148121 /* Using.swift in Sources */ = {isa = PBXBuildFile; fileRef = 31365BCB21F6127100148121 /* Using.swift */; };
		31365BCE21F6183600148121 /* Error.swift in Sources */ = {isa = PBXBuildFile; fileRef = 31365BCD21F6183600148121 /* Error.swift */; };
		31365BD321F6F30D00148121 /* WithLatestFrom.swift in Sources */ = {isa = PBXBuildFile; fileRef = 31365BD221F6F30D00148121 /* WithLatestFrom.swift */; };
		31365BD521F70D0200148121 /* ToArray.swift in Sources */ = {isa = PBXBuildFile; fileRef = 31365BD421F70D0200148121 /* ToArray.swift */; };
		31365BD721F7147400148121 /* SwitchIfEmpty.swift in Sources */ = {isa = PBXBuildFile; fileRef = 31365BD621F7147400148121 /* SwitchIfEmpty.swift */; };
		31365BDD21F7539B00148121 /* Enumerated.swift in Sources */ = {isa = PBXBuildFile; fileRef = 31365BDC21F7539B00148121 /* Enumerated.swift */; };
		31365BDF21F770E900148121 /* Do.swift in Sources */ = {isa = PBXBuildFile; fileRef = 31365BDE21F770E900148121 /* Do.swift */; };
		31365BE121F8100F00148121 /* Debug.swift in Sources */ = {isa = PBXBuildFile; fileRef = 31365BE021F8100F00148121 /* Debug.swift */; };
		31365BE421F8129100148121 /* String+Rx.swift in Sources */ = {isa = PBXBuildFile; fileRef = 31365BE321F8129100148121 /* String+Rx.swift */; };
		314B015021DA740F009B11F6 /* Map.swift in Sources */ = {isa = PBXBuildFile; fileRef = 314B014F21DA740F009B11F6 /* Map.swift */; };
		314B015721DB9D2A009B11F6 /* Merge.swift in Sources */ = {isa = PBXBuildFile; fileRef = 314B015621DB9D2A009B11F6 /* Merge.swift */; };
		31608D1921D113C5003FCADA /* AsyncSubject.swift in Sources */ = {isa = PBXBuildFile; fileRef = 31608D1821D113C5003FCADA /* AsyncSubject.swift */; };
		31608D1B21D13711003FCADA /* ReplaySubject.swift in Sources */ = {isa = PBXBuildFile; fileRef = 31608D1A21D13711003FCADA /* ReplaySubject.swift */; };
		31608D3521D27251003FCADA /* Queue.swift in Sources */ = {isa = PBXBuildFile; fileRef = 31608D3421D27251003FCADA /* Queue.swift */; };
		3161DF4421CB59DC00185693 /* AppDelegate.swift in Sources */ = {isa = PBXBuildFile; fileRef = 3161DF4321CB59DC00185693 /* AppDelegate.swift */; };
		3161DF4621CB59DC00185693 /* ViewController.swift in Sources */ = {isa = PBXBuildFile; fileRef = 3161DF4521CB59DC00185693 /* ViewController.swift */; };
		3161DF4921CB59DC00185693 /* Main.storyboard in Resources */ = {isa = PBXBuildFile; fileRef = 3161DF4721CB59DC00185693 /* Main.storyboard */; };
		3161DF4B21CB59DD00185693 /* Assets.xcassets in Resources */ = {isa = PBXBuildFile; fileRef = 3161DF4A21CB59DD00185693 /* Assets.xcassets */; };
		3161DF4E21CB59DD00185693 /* LaunchScreen.storyboard in Resources */ = {isa = PBXBuildFile; fileRef = 3161DF4C21CB59DD00185693 /* LaunchScreen.storyboard */; };
		3161DF5921CB59DD00185693 /* RxSwiftFakeTests.swift in Sources */ = {isa = PBXBuildFile; fileRef = 3161DF5821CB59DD00185693 /* RxSwiftFakeTests.swift */; };
		3161DF6421CB59DD00185693 /* RxSwiftFakeUITests.swift in Sources */ = {isa = PBXBuildFile; fileRef = 3161DF6321CB59DD00185693 /* RxSwiftFakeUITests.swift */; };
		3161DF8D21CB816200185693 /* Rx.swift in Sources */ = {isa = PBXBuildFile; fileRef = 3161DF8C21CB816200185693 /* Rx.swift */; };
		3161DF9121CB853300185693 /* Disposable.swift in Sources */ = {isa = PBXBuildFile; fileRef = 3161DF9021CB853300185693 /* Disposable.swift */; };
		3161DF9321CB856100185693 /* Event.swift in Sources */ = {isa = PBXBuildFile; fileRef = 3161DF9221CB856100185693 /* Event.swift */; };
		3161DF9521CB859A00185693 /* ObservableConvertibleType.swift in Sources */ = {isa = PBXBuildFile; fileRef = 3161DF9421CB859A00185693 /* ObservableConvertibleType.swift */; };
		3161DF9721CB85BB00185693 /* ObservableType.swift in Sources */ = {isa = PBXBuildFile; fileRef = 3161DF9621CB85BB00185693 /* ObservableType.swift */; };
		3161DF9921CB85D000185693 /* Observable.swift in Sources */ = {isa = PBXBuildFile; fileRef = 3161DF9821CB85D000185693 /* Observable.swift */; };
		3161DF9B21CB864400185693 /* ObserverType.swift in Sources */ = {isa = PBXBuildFile; fileRef = 3161DF9A21CB864400185693 /* ObserverType.swift */; };
		3161DF9D21CB8AC500185693 /* ObservableType+Extensions.swift in Sources */ = {isa = PBXBuildFile; fileRef = 3161DF9C21CB8AC500185693 /* ObservableType+Extensions.swift */; };
		3161DF9F21CB8D0400185693 /* ObserverBase.swift in Sources */ = {isa = PBXBuildFile; fileRef = 3161DF9E21CB8D0400185693 /* ObserverBase.swift */; };
		3161DFA121CB8DE400185693 /* Platform.Darwin.swift in Sources */ = {isa = PBXBuildFile; fileRef = 3161DFA021CB8DE400185693 /* Platform.Darwin.swift */; };
		3161DFA621CBA89200185693 /* AnonymousObserver.swift in Sources */ = {isa = PBXBuildFile; fileRef = 3161DFA521CBA89200185693 /* AnonymousObserver.swift */; };
		3161DFA821CBAB1000185693 /* AnonymousDisposable.swift in Sources */ = {isa = PBXBuildFile; fileRef = 3161DFA721CBAB1000185693 /* AnonymousDisposable.swift */; };
		3161DFAA21CBAB5E00185693 /* DisposeBase.swift in Sources */ = {isa = PBXBuildFile; fileRef = 3161DFA921CBAB5E00185693 /* DisposeBase.swift */; };
		3161DFAC21CBAB8600185693 /* Cancelable.swift in Sources */ = {isa = PBXBuildFile; fileRef = 3161DFAB21CBAB8600185693 /* Cancelable.swift */; };
		3161DFAE21CBAC0F00185693 /* Disposables.swift in Sources */ = {isa = PBXBuildFile; fileRef = 3161DFAD21CBAC0F00185693 /* Disposables.swift */; };
		3161DFB021CBAE9C00185693 /* NopDisposable.swift in Sources */ = {isa = PBXBuildFile; fileRef = 3161DFAF21CBAE9C00185693 /* NopDisposable.swift */; };
		3161DFB321CBCCAE00185693 /* BinaryDisposable.swift in Sources */ = {isa = PBXBuildFile; fileRef = 3161DFB221CBCCAE00185693 /* BinaryDisposable.swift */; };
		316354DA2204263E00CCBD0B /* TailRecursiveSink.swift in Sources */ = {isa = PBXBuildFile; fileRef = 316354D92204263E00CCBD0B /* TailRecursiveSink.swift */; };
		316354E12204356E00CCBD0B /* SwiftSupport.swift in Sources */ = {isa = PBXBuildFile; fileRef = 316354E02204356E00CCBD0B /* SwiftSupport.swift */; };
		316354E3220437CA00CCBD0B /* AsyncLock.swift in Sources */ = {isa = PBXBuildFile; fileRef = 316354E2220437CA00CCBD0B /* AsyncLock.swift */; };
		316354E52204380A00CCBD0B /* SynchronizedDisposeType.swift in Sources */ = {isa = PBXBuildFile; fileRef = 316354E42204380A00CCBD0B /* SynchronizedDisposeType.swift */; };
		316354E722043FF900CCBD0B /* InvocableScheduledItem.swift in Sources */ = {isa = PBXBuildFile; fileRef = 316354E622043FF900CCBD0B /* InvocableScheduledItem.swift */; };
		316354E922044D0B00CCBD0B /* InfiniteSequence.swift in Sources */ = {isa = PBXBuildFile; fileRef = 316354E822044D0B00CCBD0B /* InfiniteSequence.swift */; };
		316354EB2204878200CCBD0B /* AddRef.swift in Sources */ = {isa = PBXBuildFile; fileRef = 316354EA2204878200CCBD0B /* AddRef.swift */; };
		316354ED22048CAB00CCBD0B /* RefCountDisposable.swift in Sources */ = {isa = PBXBuildFile; fileRef = 316354EC22048CAB00CCBD0B /* RefCountDisposable.swift */; };
		316354F1220496D600CCBD0B /* Window.swift in Sources */ = {isa = PBXBuildFile; fileRef = 316354F0220496D600CCBD0B /* Window.swift */; };
		316354F722056ED000CCBD0B /* Debounce.swift in Sources */ = {isa = PBXBuildFile; fileRef = 316354F622056ED000CCBD0B /* Debounce.swift */; };
		316354FA220581DD00CCBD0B /* Delay.swift in Sources */ = {isa = PBXBuildFile; fileRef = 316354F9220581DD00CCBD0B /* Delay.swift */; };
		316E193A21D78DBF00F93550 /* Producer.swift in Sources */ = {isa = PBXBuildFile; fileRef = 316E193721D78DBF00F93550 /* Producer.swift */; };
		316E193B21D78DBF00F93550 /* Sink.swift in Sources */ = {isa = PBXBuildFile; fileRef = 316E193821D78DBF00F93550 /* Sink.swift */; };
		316E193C21D78DBF00F93550 /* Filter.swift in Sources */ = {isa = PBXBuildFile; fileRef = 316E193921D78DBF00F93550 /* Filter.swift */; };
		317CDD2121EC9740002A9E78 /* Scan.swift in Sources */ = {isa = PBXBuildFile; fileRef = 317CDD2021EC9740002A9E78 /* Scan.swift */; };
		3184570C21EDEB400010CD1E /* Never.swift in Sources */ = {isa = PBXBuildFile; fileRef = 3184570B21EDEB400010CD1E /* Never.swift */; };
		3184570E21EDF2660010CD1E /* StartWith.swift in Sources */ = {isa = PBXBuildFile; fileRef = 3184570D21EDF2660010CD1E /* StartWith.swift */; };
		3184571021EE229C0010CD1E /* ElementAt.swift in Sources */ = {isa = PBXBuildFile; fileRef = 3184570F21EE229C0010CD1E /* ElementAt.swift */; };
		3184572521EF33250010CD1E /* Sample.swift in Sources */ = {isa = PBXBuildFile; fileRef = 3184572421EF33250010CD1E /* Sample.swift */; };
		3184572721EF727C0010CD1E /* Defered.swift in Sources */ = {isa = PBXBuildFile; fileRef = 3184572621EF727C0010CD1E /* Defered.swift */; };
		3184572921EF7C8F0010CD1E /* DistinctUntilChanged.swift in Sources */ = {isa = PBXBuildFile; fileRef = 3184572821EF7C8F0010CD1E /* DistinctUntilChanged.swift */; };
		3184573121F081DF0010CD1E /* GroupBy.swift in Sources */ = {isa = PBXBuildFile; fileRef = 3184573021F081DF0010CD1E /* GroupBy.swift */; };
		3184573321F082EC0010CD1E /* GroupedObservable.swift in Sources */ = {isa = PBXBuildFile; fileRef = 3184573221F082EC0010CD1E /* GroupedObservable.swift */; };
		3184EE0521DF94B50096D597 /* SingleAssignmentDisposable.swift in Sources */ = {isa = PBXBuildFile; fileRef = 3184EE0421DF94B50096D597 /* SingleAssignmentDisposable.swift */; };
		3184EE0721DFA0FA0096D597 /* CompositeDisposable.swift in Sources */ = {isa = PBXBuildFile; fileRef = 3184EE0621DFA0FA0096D597 /* CompositeDisposable.swift */; };
		3184EE0921DFA1300096D597 /* Lock.swift in Sources */ = {isa = PBXBuildFile; fileRef = 3184EE0821DFA1300096D597 /* Lock.swift */; };
		31AFF68D21EDD08E003CF665 /* Amb.swift in Sources */ = {isa = PBXBuildFile; fileRef = 31AFF68C21EDD08E003CF665 /* Amb.swift */; };
		31C8C73521F9A7DF00CC698F /* SubscribeOn.swift in Sources */ = {isa = PBXBuildFile; fileRef = 31C8C73421F9A7DF00CC698F /* SubscribeOn.swift */; };
		31C8C73721F9A82200CC698F /* ImmediateSchedulerType.swift in Sources */ = {isa = PBXBuildFile; fileRef = 31C8C73621F9A82200CC698F /* ImmediateSchedulerType.swift */; };
		31C8C73921F9ACA000CC698F /* ScheduledDisposable.swift in Sources */ = {isa = PBXBuildFile; fileRef = 31C8C73821F9AC9F00CC698F /* ScheduledDisposable.swift */; };
		31C8C73D21F9AE0A00CC698F /* ConcurrentDispatchQueueScheduler.swift in Sources */ = {isa = PBXBuildFile; fileRef = 31C8C73C21F9AE0A00CC698F /* ConcurrentDispatchQueueScheduler.swift */; };
		31C8C73F21F9B43500CC698F /* SchedulerType.swift in Sources */ = {isa = PBXBuildFile; fileRef = 31C8C73E21F9B43500CC698F /* SchedulerType.swift */; };
		31C8C74121F9B68D00CC698F /* SchedulePeriodicRecursive.swift in Sources */ = {isa = PBXBuildFile; fileRef = 31C8C74021F9B68D00CC698F /* SchedulePeriodicRecursive.swift */; };
		31C8C74321F9B75100CC698F /* RecursiveScheduler.swift in Sources */ = {isa = PBXBuildFile; fileRef = 31C8C74221F9B75100CC698F /* RecursiveScheduler.swift */; };
		31C8C74821F9C22000CC698F /* DispatchQueueConfiguration.swift in Sources */ = {isa = PBXBuildFile; fileRef = 31C8C74721F9C22000CC698F /* DispatchQueueConfiguration.swift */; };
		31C8C74A21F9CAED00CC698F /* MainScheduler.swift in Sources */ = {isa = PBXBuildFile; fileRef = 31C8C74921F9CAED00CC698F /* MainScheduler.swift */; };
		31C8C74C21F9EFFC00CC698F /* CurrentThreadScheduler.swift in Sources */ = {isa = PBXBuildFile; fileRef = 31C8C74B21F9EFFC00CC698F /* CurrentThreadScheduler.swift */; };
		31C8C74E21F9F08D00CC698F /* RxMutableBox.swift in Sources */ = {isa = PBXBuildFile; fileRef = 31C8C74D21F9F08D00CC698F /* RxMutableBox.swift */; };
		31C8C75221F9F16E00CC698F /* ScheduledItemType.swift in Sources */ = {isa = PBXBuildFile; fileRef = 31C8C75121F9F16E00CC698F /* ScheduledItemType.swift */; };
		31C8C75421F9F1D900CC698F /* InvocableType.swift in Sources */ = {isa = PBXBuildFile; fileRef = 31C8C75321F9F1D900CC698F /* InvocableType.swift */; };
		31C8C75821F9FD9100CC698F /* ScheduledItem.swift in Sources */ = {isa = PBXBuildFile; fileRef = 31C8C75721F9FD9100CC698F /* ScheduledItem.swift */; };
		31C8C9D521FB539800CC698F /* ObserveOn.swift in Sources */ = {isa = PBXBuildFile; fileRef = 31C8C9D421FB539800CC698F /* ObserveOn.swift */; };
		31C8C9D721FBFB8C00CC698F /* SerialDispatchQueueScheduler.swift in Sources */ = {isa = PBXBuildFile; fileRef = 31C8C9D621FBFB8C00CC698F /* SerialDispatchQueueScheduler.swift */; };
		31C8C9D921FDDA4F00CC698F /* DispatchQueue+Extensions.swift in Sources */ = {isa = PBXBuildFile; fileRef = 31C8C9D821FDDA4F00CC698F /* DispatchQueue+Extensions.swift */; };
		31C8C9DB21FDE5B300CC698F /* Buffer.swift in Sources */ = {isa = PBXBuildFile; fileRef = 31C8C9DA21FDE5B300CC698F /* Buffer.swift */; };
		31C8C9DF21FF569800CC698F /* Just.swift in Sources */ = {isa = PBXBuildFile; fileRef = 31C8C9DE21FF569800CC698F /* Just.swift */; };
		31C8C9E121FF5DBB00CC698F /* Catch.swift in Sources */ = {isa = PBXBuildFile; fileRef = 31C8C9E021FF5DBB00CC698F /* Catch.swift */; };
		31D8C53121CCF0570078BC66 /* AtomicInt.swift in Sources */ = {isa = PBXBuildFile; fileRef = 31D8C53021CCF0570078BC66 /* AtomicInt.swift */; };
		31D8C53C21CD199C0078BC66 /* RecursiveLock.swift in Sources */ = {isa = PBXBuildFile; fileRef = 31D8C53421CD199C0078BC66 /* RecursiveLock.swift */; };
		31D8C53F21CD199C0078BC66 /* Bag+Rx.swift in Sources */ = {isa = PBXBuildFile; fileRef = 31D8C53921CD199C0078BC66 /* Bag+Rx.swift */; };
		31D8C54021CD199C0078BC66 /* Bag.swift in Sources */ = {isa = PBXBuildFile; fileRef = 31D8C53A21CD199C0078BC66 /* Bag.swift */; };
		31D8C54821CD26D00078BC66 /* Errors.swift in Sources */ = {isa = PBXBuildFile; fileRef = 31D8C54721CD26D00078BC66 /* Errors.swift */; };
		31D8C54B21CF38760078BC66 /* SubjectType.swift in Sources */ = {isa = PBXBuildFile; fileRef = 31D8C54921CF38750078BC66 /* SubjectType.swift */; };
		31D8C54C21CF38760078BC66 /* BehaviorSubject.swift in Sources */ = {isa = PBXBuildFile; fileRef = 31D8C54A21CF38750078BC66 /* BehaviorSubject.swift */; };
		31D8C54E21CF387C0078BC66 /* SynchronizedUnsubscribeType.swift in Sources */ = {isa = PBXBuildFile; fileRef = 31D8C54D21CF387C0078BC66 /* SynchronizedUnsubscribeType.swift */; };
		31D8C55021CF38840078BC66 /* AnyObserver.swift in Sources */ = {isa = PBXBuildFile; fileRef = 31D8C54F21CF38840078BC66 /* AnyObserver.swift */; };
		31D8C55221CF38910078BC66 /* SubscriptionDisposable.swift in Sources */ = {isa = PBXBuildFile; fileRef = 31D8C55121CF38910078BC66 /* SubscriptionDisposable.swift */; };
		31D8C55621D0A04D0078BC66 /* PublishSubject.swift in Sources */ = {isa = PBXBuildFile; fileRef = 31D8C55521D0A04D0078BC66 /* PublishSubject.swift */; };
/* End PBXBuildFile section */

/* Begin PBXContainerItemProxy section */
		3161DF5521CB59DD00185693 /* PBXContainerItemProxy */ = {
			isa = PBXContainerItemProxy;
			containerPortal = 3161DF3821CB59DC00185693 /* Project object */;
			proxyType = 1;
			remoteGlobalIDString = 3161DF3F21CB59DC00185693;
			remoteInfo = RxSwiftFake;
		};
		3161DF6021CB59DD00185693 /* PBXContainerItemProxy */ = {
			isa = PBXContainerItemProxy;
			containerPortal = 3161DF3821CB59DC00185693 /* Project object */;
			proxyType = 1;
			remoteGlobalIDString = 3161DF3F21CB59DC00185693;
			remoteInfo = RxSwiftFake;
		};
/* End PBXContainerItemProxy section */

/* Begin PBXFileReference section */
		31123D6321E4937000DA280B /* LockOwnerType.swift */ = {isa = PBXFileReference; lastKnownFileType = sourcecode.swift; path = LockOwnerType.swift; sourceTree = "<group>"; };
		31123D6521E49C0A00DA280B /* SynchronizedOnType.swift */ = {isa = PBXFileReference; lastKnownFileType = sourcecode.swift; path = SynchronizedOnType.swift; sourceTree = "<group>"; };
		31123D6B21E5F5F400DA280B /* Create.swift */ = {isa = PBXFileReference; lastKnownFileType = sourcecode.swift; path = Create.swift; sourceTree = "<group>"; };
		31123D7021E77B7A00DA280B /* Take.swift */ = {isa = PBXFileReference; lastKnownFileType = sourcecode.swift; path = Take.swift; sourceTree = "<group>"; };
		31123D7221E780DC00DA280B /* Empty.swift */ = {isa = PBXFileReference; lastKnownFileType = sourcecode.swift; path = Empty.swift; sourceTree = "<group>"; };
		31123D7421E7972C00DA280B /* TakeLast.swift */ = {isa = PBXFileReference; lastKnownFileType = sourcecode.swift; path = TakeLast.swift; sourceTree = "<group>"; };
		31123D7721E8370100DA280B /* TakeUntil.swift */ = {isa = PBXFileReference; lastKnownFileType = sourcecode.swift; path = TakeUntil.swift; sourceTree = "<group>"; };
		31123D7921E87FB500DA280B /* TakeWhile.swift */ = {isa = PBXFileReference; lastKnownFileType = sourcecode.swift; path = TakeWhile.swift; sourceTree = "<group>"; };
		31123D7B21E887EF00DA280B /* Skip.swift */ = {isa = PBXFileReference; lastKnownFileType = sourcecode.swift; path = Skip.swift; sourceTree = "<group>"; };
		31123D7D21E8968A00DA280B /* SkipUntil.swift */ = {isa = PBXFileReference; lastKnownFileType = sourcecode.swift; path = SkipUntil.swift; sourceTree = "<group>"; };
		31123D7F21E8E62A00DA280B /* SkipWhile.swift */ = {isa = PBXFileReference; lastKnownFileType = sourcecode.swift; path = SkipWhile.swift; sourceTree = "<group>"; };
		31123D8321EB778100DA280B /* Reduce.swift */ = {isa = PBXFileReference; lastKnownFileType = sourcecode.swift; path = Reduce.swift; sourceTree = "<group>"; };
		31365BB421F1DB8500148121 /* CombineLatest.swift */ = {isa = PBXFileReference; lastKnownFileType = sourcecode.swift; path = CombineLatest.swift; sourceTree = "<group>"; };
		31365BB921F4B83100148121 /* DefaultIfEmpty.swift */ = {isa = PBXFileReference; lastKnownFileType = sourcecode.swift; path = DefaultIfEmpty.swift; sourceTree = "<group>"; };
		31365BC621F5968400148121 /* Switch.swift */ = {isa = PBXFileReference; lastKnownFileType = sourcecode.swift; path = Switch.swift; sourceTree = "<group>"; };
		31365BC821F5AC7E00148121 /* SerialDisposable.swift */ = {isa = PBXFileReference; fileEncoding = 4; lastKnownFileType = sourcecode.swift; path = SerialDisposable.swift; sourceTree = "<group>"; };
		31365BCB21F6127100148121 /* Using.swift */ = {isa = PBXFileReference; lastKnownFileType = sourcecode.swift; path = Using.swift; sourceTree = "<group>"; };
		31365BCD21F6183600148121 /* Error.swift */ = {isa = PBXFileReference; lastKnownFileType = sourcecode.swift; path = Error.swift; sourceTree = "<group>"; };
		31365BD221F6F30D00148121 /* WithLatestFrom.swift */ = {isa = PBXFileReference; lastKnownFileType = sourcecode.swift; path = WithLatestFrom.swift; sourceTree = "<group>"; };
		31365BD421F70D0200148121 /* ToArray.swift */ = {isa = PBXFileReference; lastKnownFileType = sourcecode.swift; path = ToArray.swift; sourceTree = "<group>"; };
		31365BD621F7147400148121 /* SwitchIfEmpty.swift */ = {isa = PBXFileReference; lastKnownFileType = sourcecode.swift; path = SwitchIfEmpty.swift; sourceTree = "<group>"; };
		31365BDC21F7539B00148121 /* Enumerated.swift */ = {isa = PBXFileReference; lastKnownFileType = sourcecode.swift; path = Enumerated.swift; sourceTree = "<group>"; };
		31365BDE21F770E900148121 /* Do.swift */ = {isa = PBXFileReference; lastKnownFileType = sourcecode.swift; path = Do.swift; sourceTree = "<group>"; };
		31365BE021F8100F00148121 /* Debug.swift */ = {isa = PBXFileReference; lastKnownFileType = sourcecode.swift; path = Debug.swift; sourceTree = "<group>"; };
		31365BE321F8129100148121 /* String+Rx.swift */ = {isa = PBXFileReference; fileEncoding = 4; lastKnownFileType = sourcecode.swift; path = "String+Rx.swift"; sourceTree = "<group>"; };
		314B014F21DA740F009B11F6 /* Map.swift */ = {isa = PBXFileReference; lastKnownFileType = sourcecode.swift; path = Map.swift; sourceTree = "<group>"; };
		314B015621DB9D2A009B11F6 /* Merge.swift */ = {isa = PBXFileReference; lastKnownFileType = sourcecode.swift; path = Merge.swift; sourceTree = "<group>"; };
		31608D1821D113C5003FCADA /* AsyncSubject.swift */ = {isa = PBXFileReference; lastKnownFileType = sourcecode.swift; path = AsyncSubject.swift; sourceTree = "<group>"; };
		31608D1A21D13711003FCADA /* ReplaySubject.swift */ = {isa = PBXFileReference; lastKnownFileType = sourcecode.swift; path = ReplaySubject.swift; sourceTree = "<group>"; };
		31608D3421D27251003FCADA /* Queue.swift */ = {isa = PBXFileReference; fileEncoding = 4; lastKnownFileType = sourcecode.swift; path = Queue.swift; sourceTree = "<group>"; };
		3161DF4021CB59DC00185693 /* RxSwiftFake.app */ = {isa = PBXFileReference; explicitFileType = wrapper.application; includeInIndex = 0; path = RxSwiftFake.app; sourceTree = BUILT_PRODUCTS_DIR; };
		3161DF4321CB59DC00185693 /* AppDelegate.swift */ = {isa = PBXFileReference; lastKnownFileType = sourcecode.swift; path = AppDelegate.swift; sourceTree = "<group>"; };
		3161DF4521CB59DC00185693 /* ViewController.swift */ = {isa = PBXFileReference; lastKnownFileType = sourcecode.swift; path = ViewController.swift; sourceTree = "<group>"; };
		3161DF4821CB59DC00185693 /* Base */ = {isa = PBXFileReference; lastKnownFileType = file.storyboard; name = Base; path = Base.lproj/Main.storyboard; sourceTree = "<group>"; };
		3161DF4A21CB59DD00185693 /* Assets.xcassets */ = {isa = PBXFileReference; lastKnownFileType = folder.assetcatalog; path = Assets.xcassets; sourceTree = "<group>"; };
		3161DF4D21CB59DD00185693 /* Base */ = {isa = PBXFileReference; lastKnownFileType = file.storyboard; name = Base; path = Base.lproj/LaunchScreen.storyboard; sourceTree = "<group>"; };
		3161DF4F21CB59DD00185693 /* Info.plist */ = {isa = PBXFileReference; lastKnownFileType = text.plist.xml; path = Info.plist; sourceTree = "<group>"; };
		3161DF5421CB59DD00185693 /* RxSwiftFakeTests.xctest */ = {isa = PBXFileReference; explicitFileType = wrapper.cfbundle; includeInIndex = 0; path = RxSwiftFakeTests.xctest; sourceTree = BUILT_PRODUCTS_DIR; };
		3161DF5821CB59DD00185693 /* RxSwiftFakeTests.swift */ = {isa = PBXFileReference; lastKnownFileType = sourcecode.swift; path = RxSwiftFakeTests.swift; sourceTree = "<group>"; };
		3161DF5A21CB59DD00185693 /* Info.plist */ = {isa = PBXFileReference; lastKnownFileType = text.plist.xml; path = Info.plist; sourceTree = "<group>"; };
		3161DF5F21CB59DD00185693 /* RxSwiftFakeUITests.xctest */ = {isa = PBXFileReference; explicitFileType = wrapper.cfbundle; includeInIndex = 0; path = RxSwiftFakeUITests.xctest; sourceTree = BUILT_PRODUCTS_DIR; };
		3161DF6321CB59DD00185693 /* RxSwiftFakeUITests.swift */ = {isa = PBXFileReference; lastKnownFileType = sourcecode.swift; path = RxSwiftFakeUITests.swift; sourceTree = "<group>"; };
		3161DF6521CB59DD00185693 /* Info.plist */ = {isa = PBXFileReference; lastKnownFileType = text.plist.xml; path = Info.plist; sourceTree = "<group>"; };
		3161DF8C21CB816200185693 /* Rx.swift */ = {isa = PBXFileReference; lastKnownFileType = sourcecode.swift; path = Rx.swift; sourceTree = "<group>"; };
		3161DF9021CB853300185693 /* Disposable.swift */ = {isa = PBXFileReference; lastKnownFileType = sourcecode.swift; path = Disposable.swift; sourceTree = "<group>"; };
		3161DF9221CB856100185693 /* Event.swift */ = {isa = PBXFileReference; lastKnownFileType = sourcecode.swift; path = Event.swift; sourceTree = "<group>"; };
		3161DF9421CB859A00185693 /* ObservableConvertibleType.swift */ = {isa = PBXFileReference; lastKnownFileType = sourcecode.swift; path = ObservableConvertibleType.swift; sourceTree = "<group>"; };
		3161DF9621CB85BB00185693 /* ObservableType.swift */ = {isa = PBXFileReference; lastKnownFileType = sourcecode.swift; path = ObservableType.swift; sourceTree = "<group>"; };
		3161DF9821CB85D000185693 /* Observable.swift */ = {isa = PBXFileReference; lastKnownFileType = sourcecode.swift; path = Observable.swift; sourceTree = "<group>"; };
		3161DF9A21CB864400185693 /* ObserverType.swift */ = {isa = PBXFileReference; lastKnownFileType = sourcecode.swift; path = ObserverType.swift; sourceTree = "<group>"; };
		3161DF9C21CB8AC500185693 /* ObservableType+Extensions.swift */ = {isa = PBXFileReference; lastKnownFileType = sourcecode.swift; path = "ObservableType+Extensions.swift"; sourceTree = "<group>"; };
		3161DF9E21CB8D0400185693 /* ObserverBase.swift */ = {isa = PBXFileReference; lastKnownFileType = sourcecode.swift; path = ObserverBase.swift; sourceTree = "<group>"; };
		3161DFA021CB8DE400185693 /* Platform.Darwin.swift */ = {isa = PBXFileReference; fileEncoding = 4; lastKnownFileType = sourcecode.swift; path = Platform.Darwin.swift; sourceTree = "<group>"; };
		3161DFA521CBA89200185693 /* AnonymousObserver.swift */ = {isa = PBXFileReference; lastKnownFileType = sourcecode.swift; path = AnonymousObserver.swift; sourceTree = "<group>"; };
		3161DFA721CBAB1000185693 /* AnonymousDisposable.swift */ = {isa = PBXFileReference; lastKnownFileType = sourcecode.swift; path = AnonymousDisposable.swift; sourceTree = "<group>"; };
		3161DFA921CBAB5E00185693 /* DisposeBase.swift */ = {isa = PBXFileReference; lastKnownFileType = sourcecode.swift; path = DisposeBase.swift; sourceTree = "<group>"; };
		3161DFAB21CBAB8600185693 /* Cancelable.swift */ = {isa = PBXFileReference; lastKnownFileType = sourcecode.swift; path = Cancelable.swift; sourceTree = "<group>"; };
		3161DFAD21CBAC0F00185693 /* Disposables.swift */ = {isa = PBXFileReference; lastKnownFileType = sourcecode.swift; path = Disposables.swift; sourceTree = "<group>"; };
		3161DFAF21CBAE9C00185693 /* NopDisposable.swift */ = {isa = PBXFileReference; lastKnownFileType = sourcecode.swift; path = NopDisposable.swift; sourceTree = "<group>"; };
		3161DFB221CBCCAE00185693 /* BinaryDisposable.swift */ = {isa = PBXFileReference; lastKnownFileType = sourcecode.swift; path = BinaryDisposable.swift; sourceTree = "<group>"; };
		316354D92204263E00CCBD0B /* TailRecursiveSink.swift */ = {isa = PBXFileReference; lastKnownFileType = sourcecode.swift; path = TailRecursiveSink.swift; sourceTree = "<group>"; };
		316354E02204356E00CCBD0B /* SwiftSupport.swift */ = {isa = PBXFileReference; lastKnownFileType = sourcecode.swift; path = SwiftSupport.swift; sourceTree = "<group>"; };
		316354E2220437CA00CCBD0B /* AsyncLock.swift */ = {isa = PBXFileReference; lastKnownFileType = sourcecode.swift; path = AsyncLock.swift; sourceTree = "<group>"; };
		316354E42204380A00CCBD0B /* SynchronizedDisposeType.swift */ = {isa = PBXFileReference; lastKnownFileType = sourcecode.swift; path = SynchronizedDisposeType.swift; sourceTree = "<group>"; };
		316354E622043FF900CCBD0B /* InvocableScheduledItem.swift */ = {isa = PBXFileReference; lastKnownFileType = sourcecode.swift; path = InvocableScheduledItem.swift; sourceTree = "<group>"; };
		316354E822044D0B00CCBD0B /* InfiniteSequence.swift */ = {isa = PBXFileReference; lastKnownFileType = sourcecode.swift; path = InfiniteSequence.swift; sourceTree = "<group>"; };
		316354EA2204878200CCBD0B /* AddRef.swift */ = {isa = PBXFileReference; lastKnownFileType = sourcecode.swift; path = AddRef.swift; sourceTree = "<group>"; };
		316354EC22048CAB00CCBD0B /* RefCountDisposable.swift */ = {isa = PBXFileReference; fileEncoding = 4; lastKnownFileType = sourcecode.swift; name = RefCountDisposable.swift; path = ../../../../workspace/K1/King/Pods/RxSwift/RxSwift/Disposables/RefCountDisposable.swift; sourceTree = "<group>"; };
		316354F0220496D600CCBD0B /* Window.swift */ = {isa = PBXFileReference; lastKnownFileType = sourcecode.swift; path = Window.swift; sourceTree = "<group>"; };
		316354F622056ED000CCBD0B /* Debounce.swift */ = {isa = PBXFileReference; lastKnownFileType = sourcecode.swift; path = Debounce.swift; sourceTree = "<group>"; };
		316354F9220581DD00CCBD0B /* Delay.swift */ = {isa = PBXFileReference; lastKnownFileType = sourcecode.swift; path = Delay.swift; sourceTree = "<group>"; };
		316E193721D78DBF00F93550 /* Producer.swift */ = {isa = PBXFileReference; fileEncoding = 4; lastKnownFileType = sourcecode.swift; path = Producer.swift; sourceTree = "<group>"; };
		316E193821D78DBF00F93550 /* Sink.swift */ = {isa = PBXFileReference; fileEncoding = 4; lastKnownFileType = sourcecode.swift; path = Sink.swift; sourceTree = "<group>"; };
		316E193921D78DBF00F93550 /* Filter.swift */ = {isa = PBXFileReference; fileEncoding = 4; lastKnownFileType = sourcecode.swift; path = Filter.swift; sourceTree = "<group>"; };
		317CDD2021EC9740002A9E78 /* Scan.swift */ = {isa = PBXFileReference; lastKnownFileType = sourcecode.swift; path = Scan.swift; sourceTree = "<group>"; };
		3184570B21EDEB400010CD1E /* Never.swift */ = {isa = PBXFileReference; lastKnownFileType = sourcecode.swift; path = Never.swift; sourceTree = "<group>"; };
		3184570D21EDF2660010CD1E /* StartWith.swift */ = {isa = PBXFileReference; lastKnownFileType = sourcecode.swift; path = StartWith.swift; sourceTree = "<group>"; };
		3184570F21EE229C0010CD1E /* ElementAt.swift */ = {isa = PBXFileReference; lastKnownFileType = sourcecode.swift; path = ElementAt.swift; sourceTree = "<group>"; };
		3184572421EF33250010CD1E /* Sample.swift */ = {isa = PBXFileReference; lastKnownFileType = sourcecode.swift; path = Sample.swift; sourceTree = "<group>"; };
		3184572621EF727C0010CD1E /* Defered.swift */ = {isa = PBXFileReference; lastKnownFileType = sourcecode.swift; path = Defered.swift; sourceTree = "<group>"; };
		3184572821EF7C8F0010CD1E /* DistinctUntilChanged.swift */ = {isa = PBXFileReference; lastKnownFileType = sourcecode.swift; path = DistinctUntilChanged.swift; sourceTree = "<group>"; };
		3184573021F081DF0010CD1E /* GroupBy.swift */ = {isa = PBXFileReference; lastKnownFileType = sourcecode.swift; path = GroupBy.swift; sourceTree = "<group>"; };
		3184573221F082EC0010CD1E /* GroupedObservable.swift */ = {isa = PBXFileReference; lastKnownFileType = sourcecode.swift; path = GroupedObservable.swift; sourceTree = "<group>"; };
		3184EE0421DF94B50096D597 /* SingleAssignmentDisposable.swift */ = {isa = PBXFileReference; lastKnownFileType = sourcecode.swift; path = SingleAssignmentDisposable.swift; sourceTree = "<group>"; };
		3184EE0621DFA0FA0096D597 /* CompositeDisposable.swift */ = {isa = PBXFileReference; lastKnownFileType = sourcecode.swift; path = CompositeDisposable.swift; sourceTree = "<group>"; };
		3184EE0821DFA1300096D597 /* Lock.swift */ = {isa = PBXFileReference; lastKnownFileType = sourcecode.swift; path = Lock.swift; sourceTree = "<group>"; };
		31AFF68C21EDD08E003CF665 /* Amb.swift */ = {isa = PBXFileReference; lastKnownFileType = sourcecode.swift; path = Amb.swift; sourceTree = "<group>"; };
		31C8C73421F9A7DF00CC698F /* SubscribeOn.swift */ = {isa = PBXFileReference; lastKnownFileType = sourcecode.swift; path = SubscribeOn.swift; sourceTree = "<group>"; };
		31C8C73621F9A82200CC698F /* ImmediateSchedulerType.swift */ = {isa = PBXFileReference; lastKnownFileType = sourcecode.swift; path = ImmediateSchedulerType.swift; sourceTree = "<group>"; };
		31C8C73821F9AC9F00CC698F /* ScheduledDisposable.swift */ = {isa = PBXFileReference; fileEncoding = 4; lastKnownFileType = sourcecode.swift; path = ScheduledDisposable.swift; sourceTree = "<group>"; };
		31C8C73C21F9AE0A00CC698F /* ConcurrentDispatchQueueScheduler.swift */ = {isa = PBXFileReference; lastKnownFileType = sourcecode.swift; path = ConcurrentDispatchQueueScheduler.swift; sourceTree = "<group>"; };
		31C8C73E21F9B43500CC698F /* SchedulerType.swift */ = {isa = PBXFileReference; lastKnownFileType = sourcecode.swift; path = SchedulerType.swift; sourceTree = "<group>"; };
		31C8C74021F9B68D00CC698F /* SchedulePeriodicRecursive.swift */ = {isa = PBXFileReference; lastKnownFileType = sourcecode.swift; path = SchedulePeriodicRecursive.swift; sourceTree = "<group>"; };
		31C8C74221F9B75100CC698F /* RecursiveScheduler.swift */ = {isa = PBXFileReference; lastKnownFileType = sourcecode.swift; path = RecursiveScheduler.swift; sourceTree = "<group>"; };
		31C8C74721F9C22000CC698F /* DispatchQueueConfiguration.swift */ = {isa = PBXFileReference; lastKnownFileType = sourcecode.swift; path = DispatchQueueConfiguration.swift; sourceTree = "<group>"; };
		31C8C74921F9CAED00CC698F /* MainScheduler.swift */ = {isa = PBXFileReference; lastKnownFileType = sourcecode.swift; path = MainScheduler.swift; sourceTree = "<group>"; };
		31C8C74B21F9EFFC00CC698F /* CurrentThreadScheduler.swift */ = {isa = PBXFileReference; lastKnownFileType = sourcecode.swift; path = CurrentThreadScheduler.swift; sourceTree = "<group>"; };
		31C8C74D21F9F08D00CC698F /* RxMutableBox.swift */ = {isa = PBXFileReference; lastKnownFileType = sourcecode.swift; path = RxMutableBox.swift; sourceTree = "<group>"; };
		31C8C75121F9F16E00CC698F /* ScheduledItemType.swift */ = {isa = PBXFileReference; lastKnownFileType = sourcecode.swift; path = ScheduledItemType.swift; sourceTree = "<group>"; };
		31C8C75321F9F1D900CC698F /* InvocableType.swift */ = {isa = PBXFileReference; lastKnownFileType = sourcecode.swift; path = InvocableType.swift; sourceTree = "<group>"; };
		31C8C75721F9FD9100CC698F /* ScheduledItem.swift */ = {isa = PBXFileReference; lastKnownFileType = sourcecode.swift; path = ScheduledItem.swift; sourceTree = "<group>"; };
		31C8C9D421FB539800CC698F /* ObserveOn.swift */ = {isa = PBXFileReference; lastKnownFileType = sourcecode.swift; path = ObserveOn.swift; sourceTree = "<group>"; };
		31C8C9D621FBFB8C00CC698F /* SerialDispatchQueueScheduler.swift */ = {isa = PBXFileReference; lastKnownFileType = sourcecode.swift; path = SerialDispatchQueueScheduler.swift; sourceTree = "<group>"; };
		31C8C9D821FDDA4F00CC698F /* DispatchQueue+Extensions.swift */ = {isa = PBXFileReference; lastKnownFileType = sourcecode.swift; path = "DispatchQueue+Extensions.swift"; sourceTree = "<group>"; };
		31C8C9DA21FDE5B300CC698F /* Buffer.swift */ = {isa = PBXFileReference; lastKnownFileType = sourcecode.swift; path = Buffer.swift; sourceTree = "<group>"; };
		31C8C9DE21FF569800CC698F /* Just.swift */ = {isa = PBXFileReference; lastKnownFileType = sourcecode.swift; path = Just.swift; sourceTree = "<group>"; };
		31C8C9E021FF5DBB00CC698F /* Catch.swift */ = {isa = PBXFileReference; lastKnownFileType = sourcecode.swift; path = Catch.swift; sourceTree = "<group>"; };
		31D8C53021CCF0570078BC66 /* AtomicInt.swift */ = {isa = PBXFileReference; lastKnownFileType = sourcecode.swift; path = AtomicInt.swift; sourceTree = "<group>"; };
		31D8C53221CCF0800078BC66 /* RxAtomic.h */ = {isa = PBXFileReference; lastKnownFileType = sourcecode.c.h; path = RxAtomic.h; sourceTree = "<group>"; };
		31D8C53321CCF35A0078BC66 /* BridgingHeader.h */ = {isa = PBXFileReference; lastKnownFileType = sourcecode.c.h; path = BridgingHeader.h; sourceTree = "<group>"; };
		31D8C53421CD199C0078BC66 /* RecursiveLock.swift */ = {isa = PBXFileReference; fileEncoding = 4; lastKnownFileType = sourcecode.swift; path = RecursiveLock.swift; sourceTree = "<group>"; };
		31D8C53921CD199C0078BC66 /* Bag+Rx.swift */ = {isa = PBXFileReference; fileEncoding = 4; lastKnownFileType = sourcecode.swift; path = "Bag+Rx.swift"; sourceTree = "<group>"; };
		31D8C53A21CD199C0078BC66 /* Bag.swift */ = {isa = PBXFileReference; fileEncoding = 4; lastKnownFileType = sourcecode.swift; path = Bag.swift; sourceTree = "<group>"; };
		31D8C54721CD26D00078BC66 /* Errors.swift */ = {isa = PBXFileReference; fileEncoding = 4; lastKnownFileType = sourcecode.swift; path = Errors.swift; sourceTree = "<group>"; };
		31D8C54921CF38750078BC66 /* SubjectType.swift */ = {isa = PBXFileReference; fileEncoding = 4; lastKnownFileType = sourcecode.swift; path = SubjectType.swift; sourceTree = "<group>"; };
		31D8C54A21CF38750078BC66 /* BehaviorSubject.swift */ = {isa = PBXFileReference; fileEncoding = 4; lastKnownFileType = sourcecode.swift; path = BehaviorSubject.swift; sourceTree = "<group>"; };
		31D8C54D21CF387C0078BC66 /* SynchronizedUnsubscribeType.swift */ = {isa = PBXFileReference; fileEncoding = 4; lastKnownFileType = sourcecode.swift; path = SynchronizedUnsubscribeType.swift; sourceTree = "<group>"; };
		31D8C54F21CF38840078BC66 /* AnyObserver.swift */ = {isa = PBXFileReference; fileEncoding = 4; lastKnownFileType = sourcecode.swift; path = AnyObserver.swift; sourceTree = "<group>"; };
		31D8C55121CF38910078BC66 /* SubscriptionDisposable.swift */ = {isa = PBXFileReference; fileEncoding = 4; lastKnownFileType = sourcecode.swift; path = SubscriptionDisposable.swift; sourceTree = "<group>"; };
		31D8C55521D0A04D0078BC66 /* PublishSubject.swift */ = {isa = PBXFileReference; lastKnownFileType = sourcecode.swift; path = PublishSubject.swift; sourceTree = "<group>"; };
/* End PBXFileReference section */

/* Begin PBXFrameworksBuildPhase section */
		3161DF3D21CB59DC00185693 /* Frameworks */ = {
			isa = PBXFrameworksBuildPhase;
			buildActionMask = 2147483647;
			files = (
			);
			runOnlyForDeploymentPostprocessing = 0;
		};
		3161DF5121CB59DD00185693 /* Frameworks */ = {
			isa = PBXFrameworksBuildPhase;
			buildActionMask = 2147483647;
			files = (
			);
			runOnlyForDeploymentPostprocessing = 0;
		};
		3161DF5C21CB59DD00185693 /* Frameworks */ = {
			isa = PBXFrameworksBuildPhase;
			buildActionMask = 2147483647;
			files = (
			);
			runOnlyForDeploymentPostprocessing = 0;
		};
/* End PBXFrameworksBuildPhase section */

/* Begin PBXGroup section */
		31365BE221F8128400148121 /* Extensions */ = {
			isa = PBXGroup;
			children = (
				31D8C53921CD199C0078BC66 /* Bag+Rx.swift */,
				31365BE321F8129100148121 /* String+Rx.swift */,
			);
			path = Extensions;
			sourceTree = "<group>";
		};
		3161DF3721CB59DC00185693 = {
			isa = PBXGroup;
			children = (
				3161DF7121CB59EE00185693 /* RxSwift */,
				3161DF4221CB59DC00185693 /* RxSwiftFake */,
				3161DF5721CB59DD00185693 /* RxSwiftFakeTests */,
				3161DF6221CB59DD00185693 /* RxSwiftFakeUITests */,
				3161DF4121CB59DC00185693 /* Products */,
			);
			sourceTree = "<group>";
		};
		3161DF4121CB59DC00185693 /* Products */ = {
			isa = PBXGroup;
			children = (
				3161DF4021CB59DC00185693 /* RxSwiftFake.app */,
				3161DF5421CB59DD00185693 /* RxSwiftFakeTests.xctest */,
				3161DF5F21CB59DD00185693 /* RxSwiftFakeUITests.xctest */,
			);
			name = Products;
			sourceTree = "<group>";
		};
		3161DF4221CB59DC00185693 /* RxSwiftFake */ = {
			isa = PBXGroup;
			children = (
				3161DF4321CB59DC00185693 /* AppDelegate.swift */,
				3161DF4521CB59DC00185693 /* ViewController.swift */,
				3161DF4721CB59DC00185693 /* Main.storyboard */,
				3161DF4A21CB59DD00185693 /* Assets.xcassets */,
				3161DF4C21CB59DD00185693 /* LaunchScreen.storyboard */,
				3161DF4F21CB59DD00185693 /* Info.plist */,
				31D8C53321CCF35A0078BC66 /* BridgingHeader.h */,
			);
			path = RxSwiftFake;
			sourceTree = "<group>";
		};
		3161DF5721CB59DD00185693 /* RxSwiftFakeTests */ = {
			isa = PBXGroup;
			children = (
				3161DF5821CB59DD00185693 /* RxSwiftFakeTests.swift */,
				3161DF5A21CB59DD00185693 /* Info.plist */,
			);
			path = RxSwiftFakeTests;
			sourceTree = "<group>";
		};
		3161DF6221CB59DD00185693 /* RxSwiftFakeUITests */ = {
			isa = PBXGroup;
			children = (
				3161DF6321CB59DD00185693 /* RxSwiftFakeUITests.swift */,
				3161DF6521CB59DD00185693 /* Info.plist */,
			);
			path = RxSwiftFakeUITests;
			sourceTree = "<group>";
		};
		3161DF7121CB59EE00185693 /* RxSwift */ = {
			isa = PBXGroup;
			children = (
				31D8C53221CCF0800078BC66 /* RxAtomic.h */,
				31D8C54F21CF38840078BC66 /* AnyObserver.swift */,
				31D8C54721CD26D00078BC66 /* Errors.swift */,
				3161DF9221CB856100185693 /* Event.swift */,
				3184573221F082EC0010CD1E /* GroupedObservable.swift */,
				31C8C73621F9A82200CC698F /* ImmediateSchedulerType.swift */,
				3161DF9821CB85D000185693 /* Observable.swift */,
				3161DF9421CB859A00185693 /* ObservableConvertibleType.swift */,
				3161DF9621CB85BB00185693 /* ObservableType.swift */,
				3161DF9C21CB8AC500185693 /* ObservableType+Extensions.swift */,
				3161DF9A21CB864400185693 /* ObserverType.swift */,
				3161DF8C21CB816200185693 /* Rx.swift */,
				31C8C74D21F9F08D00CC698F /* RxMutableBox.swift */,
				31C8C73E21F9B43500CC698F /* SchedulerType.swift */,
				31D8C54421CD239E0078BC66 /* Concurrency */,
				3161DFB121CBCBF600185693 /* Disposables */,
				31365BE221F8128400148121 /* Extensions */,
				316E193621D78DBF00F93550 /* Observables */,
				316354D8220425C300CCBD0B /* Observers */,
				31C8C75521F9F6BB00CC698F /* Platform */,
				31C8C73B21F9ADDF00CC698F /* Schedulers */,
				31D8C53521CD199C0078BC66 /* Subject */,
				316354DF2204355A00CCBD0B /* SwiftSupport */,
			);
			path = RxSwift;
			sourceTree = "<group>";
		};
		3161DFB121CBCBF600185693 /* Disposables */ = {
			isa = PBXGroup;
			children = (
				3161DFA721CBAB1000185693 /* AnonymousDisposable.swift */,
				3161DFB221CBCCAE00185693 /* BinaryDisposable.swift */,
				3161DFAB21CBAB8600185693 /* Cancelable.swift */,
				3184EE0621DFA0FA0096D597 /* CompositeDisposable.swift */,
				3161DF9021CB853300185693 /* Disposable.swift */,
				3161DFAD21CBAC0F00185693 /* Disposables.swift */,
				3161DFA921CBAB5E00185693 /* DisposeBase.swift */,
				3161DFAF21CBAE9C00185693 /* NopDisposable.swift */,
				316354EC22048CAB00CCBD0B /* RefCountDisposable.swift */,
				31C8C73821F9AC9F00CC698F /* ScheduledDisposable.swift */,
				31365BC821F5AC7E00148121 /* SerialDisposable.swift */,
				3184EE0421DF94B50096D597 /* SingleAssignmentDisposable.swift */,
				31D8C55121CF38910078BC66 /* SubscriptionDisposable.swift */,
			);
			path = Disposables;
			sourceTree = "<group>";
		};
		316354D8220425C300CCBD0B /* Observers */ = {
			isa = PBXGroup;
			children = (
				3161DF9E21CB8D0400185693 /* ObserverBase.swift */,
				3161DFA521CBA89200185693 /* AnonymousObserver.swift */,
				316354D92204263E00CCBD0B /* TailRecursiveSink.swift */,
			);
			path = Observers;
			sourceTree = "<group>";
		};
		316354DF2204355A00CCBD0B /* SwiftSupport */ = {
			isa = PBXGroup;
			children = (
				316354E02204356E00CCBD0B /* SwiftSupport.swift */,
			);
			path = SwiftSupport;
			sourceTree = "<group>";
		};
		316E193621D78DBF00F93550 /* Observables */ = {
			isa = PBXGroup;
			children = (
				316354EA2204878200CCBD0B /* AddRef.swift */,
				31AFF68C21EDD08E003CF665 /* Amb.swift */,
				31C8C9DA21FDE5B300CC698F /* Buffer.swift */,
				31C8C9E021FF5DBB00CC698F /* Catch.swift */,
				31365BB421F1DB8500148121 /* CombineLatest.swift */,
				31123D6B21E5F5F400DA280B /* Create.swift */,
				316354F622056ED000CCBD0B /* Debounce.swift */,
				31365BE021F8100F00148121 /* Debug.swift */,
				31365BB921F4B83100148121 /* DefaultIfEmpty.swift */,
				3184572621EF727C0010CD1E /* Defered.swift */,
				316354F9220581DD00CCBD0B /* Delay.swift */,
				3184572821EF7C8F0010CD1E /* DistinctUntilChanged.swift */,
				31365BDE21F770E900148121 /* Do.swift */,
				3184570F21EE229C0010CD1E /* ElementAt.swift */,
				31123D7221E780DC00DA280B /* Empty.swift */,
				31365BDC21F7539B00148121 /* Enumerated.swift */,
				31365BCD21F6183600148121 /* Error.swift */,
				316E193921D78DBF00F93550 /* Filter.swift */,
				3184573021F081DF0010CD1E /* GroupBy.swift */,
				31C8C9DE21FF569800CC698F /* Just.swift */,
				314B014F21DA740F009B11F6 /* Map.swift */,
				314B015621DB9D2A009B11F6 /* Merge.swift */,
				3184570B21EDEB400010CD1E /* Never.swift */,
				31C8C9D421FB539800CC698F /* ObserveOn.swift */,
				316E193721D78DBF00F93550 /* Producer.swift */,
				31123D8321EB778100DA280B /* Reduce.swift */,
				3184572421EF33250010CD1E /* Sample.swift */,
				317CDD2021EC9740002A9E78 /* Scan.swift */,
				316E193821D78DBF00F93550 /* Sink.swift */,
				31123D7B21E887EF00DA280B /* Skip.swift */,
				31123D7D21E8968A00DA280B /* SkipUntil.swift */,
				31123D7F21E8E62A00DA280B /* SkipWhile.swift */,
				3184570D21EDF2660010CD1E /* StartWith.swift */,
				31C8C73421F9A7DF00CC698F /* SubscribeOn.swift */,
				31365BC621F5968400148121 /* Switch.swift */,
				31365BD621F7147400148121 /* SwitchIfEmpty.swift */,
				31123D7021E77B7A00DA280B /* Take.swift */,
				31123D7421E7972C00DA280B /* TakeLast.swift */,
				31123D7721E8370100DA280B /* TakeUntil.swift */,
				31123D7921E87FB500DA280B /* TakeWhile.swift */,
				31365BD421F70D0200148121 /* ToArray.swift */,
				31365BCB21F6127100148121 /* Using.swift */,
				316354F0220496D600CCBD0B /* Window.swift */,
				31365BD221F6F30D00148121 /* WithLatestFrom.swift */,
			);
			path = Observables;
			sourceTree = "<group>";
		};
		31C8C73B21F9ADDF00CC698F /* Schedulers */ = {
			isa = PBXGroup;
			children = (
				31C8C73C21F9AE0A00CC698F /* ConcurrentDispatchQueueScheduler.swift */,
				31C8C74B21F9EFFC00CC698F /* CurrentThreadScheduler.swift */,
				31C8C74921F9CAED00CC698F /* MainScheduler.swift */,
				31C8C74221F9B75100CC698F /* RecursiveScheduler.swift */,
				31C8C74021F9B68D00CC698F /* SchedulePeriodicRecursive.swift */,
				31C8C9D621FBFB8C00CC698F /* SerialDispatchQueueScheduler.swift */,
				31C8C74621F9C20900CC698F /* Internal */,
			);
			path = Schedulers;
			sourceTree = "<group>";
		};
		31C8C74621F9C20900CC698F /* Internal */ = {
			isa = PBXGroup;
			children = (
				31C8C74721F9C22000CC698F /* DispatchQueueConfiguration.swift */,
				31C8C75321F9F1D900CC698F /* InvocableType.swift */,
				31C8C75721F9FD9100CC698F /* ScheduledItem.swift */,
				31C8C75121F9F16E00CC698F /* ScheduledItemType.swift */,
				316354E622043FF900CCBD0B /* InvocableScheduledItem.swift */,
			);
			path = Internal;
			sourceTree = "<group>";
		};
		31C8C75521F9F6BB00CC698F /* Platform */ = {
			isa = PBXGroup;
			children = (
				31C8C75621F9F74300CC698F /* DataStructures */,
				31D8C53421CD199C0078BC66 /* RecursiveLock.swift */,
				31D8C53021CCF0570078BC66 /* AtomicInt.swift */,
				3161DFA021CB8DE400185693 /* Platform.Darwin.swift */,
				31C8C9D821FDDA4F00CC698F /* DispatchQueue+Extensions.swift */,
			);
			path = Platform;
			sourceTree = "<group>";
		};
		31C8C75621F9F74300CC698F /* DataStructures */ = {
			isa = PBXGroup;
			children = (
				31D8C53A21CD199C0078BC66 /* Bag.swift */,
				316354E822044D0B00CCBD0B /* InfiniteSequence.swift */,
				31608D3421D27251003FCADA /* Queue.swift */,
			);
			path = DataStructures;
			sourceTree = "<group>";
		};
		31D8C53521CD199C0078BC66 /* Subject */ = {
			isa = PBXGroup;
			children = (
				31608D1821D113C5003FCADA /* AsyncSubject.swift */,
				31D8C54A21CF38750078BC66 /* BehaviorSubject.swift */,
				31D8C55521D0A04D0078BC66 /* PublishSubject.swift */,
				31608D1A21D13711003FCADA /* ReplaySubject.swift */,
				31D8C54921CF38750078BC66 /* SubjectType.swift */,
			);
			path = Subject;
			sourceTree = "<group>";
		};
		31D8C54421CD239E0078BC66 /* Concurrency */ = {
			isa = PBXGroup;
			children = (
				316354E2220437CA00CCBD0B /* AsyncLock.swift */,
				3184EE0821DFA1300096D597 /* Lock.swift */,
				31123D6321E4937000DA280B /* LockOwnerType.swift */,
				316354E42204380A00CCBD0B /* SynchronizedDisposeType.swift */,
				31123D6521E49C0A00DA280B /* SynchronizedOnType.swift */,
				31D8C54D21CF387C0078BC66 /* SynchronizedUnsubscribeType.swift */,
			);
			path = Concurrency;
			sourceTree = "<group>";
		};
/* End PBXGroup section */

/* Begin PBXNativeTarget section */
		3161DF3F21CB59DC00185693 /* RxSwiftFake */ = {
			isa = PBXNativeTarget;
			buildConfigurationList = 3161DF6821CB59DD00185693 /* Build configuration list for PBXNativeTarget "RxSwiftFake" */;
			buildPhases = (
				3161DF3C21CB59DC00185693 /* Sources */,
				3161DF3D21CB59DC00185693 /* Frameworks */,
				3161DF3E21CB59DC00185693 /* Resources */,
			);
			buildRules = (
			);
			dependencies = (
			);
			name = RxSwiftFake;
			productName = RxSwiftFake;
			productReference = 3161DF4021CB59DC00185693 /* RxSwiftFake.app */;
			productType = "com.apple.product-type.application";
		};
		3161DF5321CB59DD00185693 /* RxSwiftFakeTests */ = {
			isa = PBXNativeTarget;
			buildConfigurationList = 3161DF6B21CB59DD00185693 /* Build configuration list for PBXNativeTarget "RxSwiftFakeTests" */;
			buildPhases = (
				3161DF5021CB59DD00185693 /* Sources */,
				3161DF5121CB59DD00185693 /* Frameworks */,
				3161DF5221CB59DD00185693 /* Resources */,
			);
			buildRules = (
			);
			dependencies = (
				3161DF5621CB59DD00185693 /* PBXTargetDependency */,
			);
			name = RxSwiftFakeTests;
			productName = RxSwiftFakeTests;
			productReference = 3161DF5421CB59DD00185693 /* RxSwiftFakeTests.xctest */;
			productType = "com.apple.product-type.bundle.unit-test";
		};
		3161DF5E21CB59DD00185693 /* RxSwiftFakeUITests */ = {
			isa = PBXNativeTarget;
			buildConfigurationList = 3161DF6E21CB59DD00185693 /* Build configuration list for PBXNativeTarget "RxSwiftFakeUITests" */;
			buildPhases = (
				3161DF5B21CB59DD00185693 /* Sources */,
				3161DF5C21CB59DD00185693 /* Frameworks */,
				3161DF5D21CB59DD00185693 /* Resources */,
			);
			buildRules = (
			);
			dependencies = (
				3161DF6121CB59DD00185693 /* PBXTargetDependency */,
			);
			name = RxSwiftFakeUITests;
			productName = RxSwiftFakeUITests;
			productReference = 3161DF5F21CB59DD00185693 /* RxSwiftFakeUITests.xctest */;
			productType = "com.apple.product-type.bundle.ui-testing";
		};
/* End PBXNativeTarget section */

/* Begin PBXProject section */
		3161DF3821CB59DC00185693 /* Project object */ = {
			isa = PBXProject;
			attributes = {
				LastSwiftUpdateCheck = 1010;
				LastUpgradeCheck = 1010;
				ORGANIZATIONNAME = goluk;
				TargetAttributes = {
					3161DF3F21CB59DC00185693 = {
						CreatedOnToolsVersion = 10.1;
					};
					3161DF5321CB59DD00185693 = {
						CreatedOnToolsVersion = 10.1;
						TestTargetID = 3161DF3F21CB59DC00185693;
					};
					3161DF5E21CB59DD00185693 = {
						CreatedOnToolsVersion = 10.1;
						TestTargetID = 3161DF3F21CB59DC00185693;
					};
				};
			};
			buildConfigurationList = 3161DF3B21CB59DC00185693 /* Build configuration list for PBXProject "RxSwiftFake" */;
			compatibilityVersion = "Xcode 9.3";
			developmentRegion = en;
			hasScannedForEncodings = 0;
			knownRegions = (
				en,
				Base,
			);
			mainGroup = 3161DF3721CB59DC00185693;
			productRefGroup = 3161DF4121CB59DC00185693 /* Products */;
			projectDirPath = "";
			projectRoot = "";
			targets = (
				3161DF3F21CB59DC00185693 /* RxSwiftFake */,
				3161DF5321CB59DD00185693 /* RxSwiftFakeTests */,
				3161DF5E21CB59DD00185693 /* RxSwiftFakeUITests */,
			);
		};
/* End PBXProject section */

/* Begin PBXResourcesBuildPhase section */
		3161DF3E21CB59DC00185693 /* Resources */ = {
			isa = PBXResourcesBuildPhase;
			buildActionMask = 2147483647;
			files = (
				3161DF4E21CB59DD00185693 /* LaunchScreen.storyboard in Resources */,
				3161DF4B21CB59DD00185693 /* Assets.xcassets in Resources */,
				3161DF4921CB59DC00185693 /* Main.storyboard in Resources */,
			);
			runOnlyForDeploymentPostprocessing = 0;
		};
		3161DF5221CB59DD00185693 /* Resources */ = {
			isa = PBXResourcesBuildPhase;
			buildActionMask = 2147483647;
			files = (
			);
			runOnlyForDeploymentPostprocessing = 0;
		};
		3161DF5D21CB59DD00185693 /* Resources */ = {
			isa = PBXResourcesBuildPhase;
			buildActionMask = 2147483647;
			files = (
			);
			runOnlyForDeploymentPostprocessing = 0;
		};
/* End PBXResourcesBuildPhase section */

/* Begin PBXSourcesBuildPhase section */
		3161DF3C21CB59DC00185693 /* Sources */ = {
			isa = PBXSourcesBuildPhase;
			buildActionMask = 2147483647;
			files = (
				31D8C55221CF38910078BC66 /* SubscriptionDisposable.swift in Sources */,
				3161DF9B21CB864400185693 /* ObserverType.swift in Sources */,
				3161DFA821CBAB1000185693 /* AnonymousDisposable.swift in Sources */,
				31D8C54821CD26D00078BC66 /* Errors.swift in Sources */,
				31123D7521E7972C00DA280B /* TakeLast.swift in Sources */,
				31C8C9D521FB539800CC698F /* ObserveOn.swift in Sources */,
				3184570E21EDF2660010CD1E /* StartWith.swift in Sources */,
				3161DFA621CBA89200185693 /* AnonymousObserver.swift in Sources */,
				31C8C74C21F9EFFC00CC698F /* CurrentThreadScheduler.swift in Sources */,
				31C8C73521F9A7DF00CC698F /* SubscribeOn.swift in Sources */,
				316354F722056ED000CCBD0B /* Debounce.swift in Sources */,
				31123D7E21E8968A00DA280B /* SkipUntil.swift in Sources */,
				3184EE0721DFA0FA0096D597 /* CompositeDisposable.swift in Sources */,
				31C8C75821F9FD9100CC698F /* ScheduledItem.swift in Sources */,
				3184572521EF33250010CD1E /* Sample.swift in Sources */,
				31D8C55021CF38840078BC66 /* AnyObserver.swift in Sources */,
				31123D6C21E5F5F400DA280B /* Create.swift in Sources */,
				3161DF9921CB85D000185693 /* Observable.swift in Sources */,
				31C8C73D21F9AE0A00CC698F /* ConcurrentDispatchQueueScheduler.swift in Sources */,
				3161DF9D21CB8AC500185693 /* ObservableType+Extensions.swift in Sources */,
				31D8C54021CD199C0078BC66 /* Bag.swift in Sources */,
				31C8C74E21F9F08D00CC698F /* RxMutableBox.swift in Sources */,
				31365BDD21F7539B00148121 /* Enumerated.swift in Sources */,
				3161DFAC21CBAB8600185693 /* Cancelable.swift in Sources */,
				31C8C9DB21FDE5B300CC698F /* Buffer.swift in Sources */,
				31C8C73F21F9B43500CC698F /* SchedulerType.swift in Sources */,
				316354DA2204263E00CCBD0B /* TailRecursiveSink.swift in Sources */,
				31123D8021E8E62A00DA280B /* SkipWhile.swift in Sources */,
				3184572921EF7C8F0010CD1E /* DistinctUntilChanged.swift in Sources */,
				316354E922044D0B00CCBD0B /* InfiniteSequence.swift in Sources */,
				314B015021DA740F009B11F6 /* Map.swift in Sources */,
				3184EE0521DF94B50096D597 /* SingleAssignmentDisposable.swift in Sources */,
				3161DF9521CB859A00185693 /* ObservableConvertibleType.swift in Sources */,
				31365BCC21F6127100148121 /* Using.swift in Sources */,
				316354FA220581DD00CCBD0B /* Delay.swift in Sources */,
				31C8C74121F9B68D00CC698F /* SchedulePeriodicRecursive.swift in Sources */,
				31608D1B21D13711003FCADA /* ReplaySubject.swift in Sources */,
				31D8C54E21CF387C0078BC66 /* SynchronizedUnsubscribeType.swift in Sources */,
				317CDD2121EC9740002A9E78 /* Scan.swift in Sources */,
				3184573321F082EC0010CD1E /* GroupedObservable.swift in Sources */,
				31C8C9D721FBFB8C00CC698F /* SerialDispatchQueueScheduler.swift in Sources */,
				31365BD721F7147400148121 /* SwitchIfEmpty.swift in Sources */,
				3161DF9721CB85BB00185693 /* ObservableType.swift in Sources */,
				3161DF8D21CB816200185693 /* Rx.swift in Sources */,
				3184573121F081DF0010CD1E /* GroupBy.swift in Sources */,
				31C8C74821F9C22000CC698F /* DispatchQueueConfiguration.swift in Sources */,
				3161DFAA21CBAB5E00185693 /* DisposeBase.swift in Sources */,
				316354ED22048CAB00CCBD0B /* RefCountDisposable.swift in Sources */,
				31123D7A21E87FB500DA280B /* TakeWhile.swift in Sources */,
				31C8C74A21F9CAED00CC698F /* MainScheduler.swift in Sources */,
				31D8C54C21CF38760078BC66 /* BehaviorSubject.swift in Sources */,
				31365BC921F5AC7E00148121 /* SerialDisposable.swift in Sources */,
				3161DF9121CB853300185693 /* Disposable.swift in Sources */,
				31365BB521F1DB8500148121 /* CombineLatest.swift in Sources */,
				316354E52204380A00CCBD0B /* SynchronizedDisposeType.swift in Sources */,
				3161DF4621CB59DC00185693 /* ViewController.swift in Sources */,
				31123D7121E77B7A00DA280B /* Take.swift in Sources */,
				31D8C53F21CD199C0078BC66 /* Bag+Rx.swift in Sources */,
				3184570C21EDEB400010CD1E /* Never.swift in Sources */,
				31365BBA21F4B83100148121 /* DefaultIfEmpty.swift in Sources */,
				31608D1921D113C5003FCADA /* AsyncSubject.swift in Sources */,
				31C8C9D921FDDA4F00CC698F /* DispatchQueue+Extensions.swift in Sources */,
				31365BD521F70D0200148121 /* ToArray.swift in Sources */,
				31C8C73721F9A82200CC698F /* ImmediateSchedulerType.swift in Sources */,
				31123D6621E49C0A00DA280B /* SynchronizedOnType.swift in Sources */,
				316354E722043FF900CCBD0B /* InvocableScheduledItem.swift in Sources */,
				31C8C75421F9F1D900CC698F /* InvocableType.swift in Sources */,
				3184572721EF727C0010CD1E /* Defered.swift in Sources */,
				3161DFB321CBCCAE00185693 /* BinaryDisposable.swift in Sources */,
				31D8C55621D0A04D0078BC66 /* PublishSubject.swift in Sources */,
				314B015721DB9D2A009B11F6 /* Merge.swift in Sources */,
				3184571021EE229C0010CD1E /* ElementAt.swift in Sources */,
				3161DFA121CB8DE400185693 /* Platform.Darwin.swift in Sources */,
				31365BC721F5968400148121 /* Switch.swift in Sources */,
				31C8C75221F9F16E00CC698F /* ScheduledItemType.swift in Sources */,
				31365BDF21F770E900148121 /* Do.swift in Sources */,
				31123D7321E780DC00DA280B /* Empty.swift in Sources */,
				31123D7C21E887EF00DA280B /* Skip.swift in Sources */,
				31C8C9E121FF5DBB00CC698F /* Catch.swift in Sources */,
				3161DFB021CBAE9C00185693 /* NopDisposable.swift in Sources */,
				31123D8421EB778100DA280B /* Reduce.swift in Sources */,
				316E193C21D78DBF00F93550 /* Filter.swift in Sources */,
				31C8C9DF21FF569800CC698F /* Just.swift in Sources */,
				31123D6421E4937000DA280B /* LockOwnerType.swift in Sources */,
				316E193A21D78DBF00F93550 /* Producer.swift in Sources */,
				31AFF68D21EDD08E003CF665 /* Amb.swift in Sources */,
				3184EE0921DFA1300096D597 /* Lock.swift in Sources */,
				316354EB2204878200CCBD0B /* AddRef.swift in Sources */,
				316354F1220496D600CCBD0B /* Window.swift in Sources */,
				31608D3521D27251003FCADA /* Queue.swift in Sources */,
				3161DF9F21CB8D0400185693 /* ObserverBase.swift in Sources */,
				31365BE421F8129100148121 /* String+Rx.swift in Sources */,
				31365BE121F8100F00148121 /* Debug.swift in Sources */,
				3161DFAE21CBAC0F00185693 /* Disposables.swift in Sources */,
				3161DF4421CB59DC00185693 /* AppDelegate.swift in Sources */,
				31D8C54B21CF38760078BC66 /* SubjectType.swift in Sources */,
				31365BD321F6F30D00148121 /* WithLatestFrom.swift in Sources */,
				31123D7821E8370100DA280B /* TakeUntil.swift in Sources */,
				3161DF9321CB856100185693 /* Event.swift in Sources */,
				31C8C73921F9ACA000CC698F /* ScheduledDisposable.swift in Sources */,
				316E193B21D78DBF00F93550 /* Sink.swift in Sources */,
				31D8C53121CCF0570078BC66 /* AtomicInt.swift in Sources */,
				31365BCE21F6183600148121 /* Error.swift in Sources */,
				316354E12204356E00CCBD0B /* SwiftSupport.swift in Sources */,
				316354E3220437CA00CCBD0B /* AsyncLock.swift in Sources */,
				31C8C74321F9B75100CC698F /* RecursiveScheduler.swift in Sources */,
				31D8C53C21CD199C0078BC66 /* RecursiveLock.swift in Sources */,
			);
			runOnlyForDeploymentPostprocessing = 0;
		};
		3161DF5021CB59DD00185693 /* Sources */ = {
			isa = PBXSourcesBuildPhase;
			buildActionMask = 2147483647;
			files = (
				3161DF5921CB59DD00185693 /* RxSwiftFakeTests.swift in Sources */,
			);
			runOnlyForDeploymentPostprocessing = 0;
		};
		3161DF5B21CB59DD00185693 /* Sources */ = {
			isa = PBXSourcesBuildPhase;
			buildActionMask = 2147483647;
			files = (
				3161DF6421CB59DD00185693 /* RxSwiftFakeUITests.swift in Sources */,
			);
			runOnlyForDeploymentPostprocessing = 0;
		};
/* End PBXSourcesBuildPhase section */

/* Begin PBXTargetDependency section */
		3161DF5621CB59DD00185693 /* PBXTargetDependency */ = {
			isa = PBXTargetDependency;
			target = 3161DF3F21CB59DC00185693 /* RxSwiftFake */;
			targetProxy = 3161DF5521CB59DD00185693 /* PBXContainerItemProxy */;
		};
		3161DF6121CB59DD00185693 /* PBXTargetDependency */ = {
			isa = PBXTargetDependency;
			target = 3161DF3F21CB59DC00185693 /* RxSwiftFake */;
			targetProxy = 3161DF6021CB59DD00185693 /* PBXContainerItemProxy */;
		};
/* End PBXTargetDependency section */

/* Begin PBXVariantGroup section */
		3161DF4721CB59DC00185693 /* Main.storyboard */ = {
			isa = PBXVariantGroup;
			children = (
				3161DF4821CB59DC00185693 /* Base */,
			);
			name = Main.storyboard;
			sourceTree = "<group>";
		};
		3161DF4C21CB59DD00185693 /* LaunchScreen.storyboard */ = {
			isa = PBXVariantGroup;
			children = (
				3161DF4D21CB59DD00185693 /* Base */,
			);
			name = LaunchScreen.storyboard;
			sourceTree = "<group>";
		};
/* End PBXVariantGroup section */

/* Begin XCBuildConfiguration section */
		3161DF6621CB59DD00185693 /* Debug */ = {
			isa = XCBuildConfiguration;
			buildSettings = {
				ALWAYS_SEARCH_USER_PATHS = NO;
				CLANG_ANALYZER_NONNULL = YES;
				CLANG_ANALYZER_NUMBER_OBJECT_CONVERSION = YES_AGGRESSIVE;
				CLANG_CXX_LANGUAGE_STANDARD = "gnu++14";
				CLANG_CXX_LIBRARY = "libc++";
				CLANG_ENABLE_MODULES = YES;
				CLANG_ENABLE_OBJC_ARC = YES;
				CLANG_ENABLE_OBJC_WEAK = YES;
				CLANG_WARN_BLOCK_CAPTURE_AUTORELEASING = YES;
				CLANG_WARN_BOOL_CONVERSION = YES;
				CLANG_WARN_COMMA = YES;
				CLANG_WARN_CONSTANT_CONVERSION = YES;
				CLANG_WARN_DEPRECATED_OBJC_IMPLEMENTATIONS = YES;
				CLANG_WARN_DIRECT_OBJC_ISA_USAGE = YES_ERROR;
				CLANG_WARN_DOCUMENTATION_COMMENTS = YES;
				CLANG_WARN_EMPTY_BODY = YES;
				CLANG_WARN_ENUM_CONVERSION = YES;
				CLANG_WARN_INFINITE_RECURSION = YES;
				CLANG_WARN_INT_CONVERSION = YES;
				CLANG_WARN_NON_LITERAL_NULL_CONVERSION = YES;
				CLANG_WARN_OBJC_IMPLICIT_RETAIN_SELF = YES;
				CLANG_WARN_OBJC_LITERAL_CONVERSION = YES;
				CLANG_WARN_OBJC_ROOT_CLASS = YES_ERROR;
				CLANG_WARN_RANGE_LOOP_ANALYSIS = YES;
				CLANG_WARN_STRICT_PROTOTYPES = YES;
				CLANG_WARN_SUSPICIOUS_MOVE = YES;
				CLANG_WARN_UNGUARDED_AVAILABILITY = YES_AGGRESSIVE;
				CLANG_WARN_UNREACHABLE_CODE = YES;
				CLANG_WARN__DUPLICATE_METHOD_MATCH = YES;
				CODE_SIGN_IDENTITY = "iPhone Developer";
				COPY_PHASE_STRIP = NO;
				DEBUG_INFORMATION_FORMAT = dwarf;
				ENABLE_STRICT_OBJC_MSGSEND = YES;
				ENABLE_TESTABILITY = YES;
				GCC_C_LANGUAGE_STANDARD = gnu11;
				GCC_DYNAMIC_NO_PIC = NO;
				GCC_NO_COMMON_BLOCKS = YES;
				GCC_OPTIMIZATION_LEVEL = 0;
				GCC_PREPROCESSOR_DEFINITIONS = (
					"DEBUG=1",
					"$(inherited)",
				);
				GCC_WARN_64_TO_32_BIT_CONVERSION = YES;
				GCC_WARN_ABOUT_RETURN_TYPE = YES_ERROR;
				GCC_WARN_UNDECLARED_SELECTOR = YES;
				GCC_WARN_UNINITIALIZED_AUTOS = YES_AGGRESSIVE;
				GCC_WARN_UNUSED_FUNCTION = YES;
				GCC_WARN_UNUSED_VARIABLE = YES;
				IPHONEOS_DEPLOYMENT_TARGET = 12.1;
				MTL_ENABLE_DEBUG_INFO = INCLUDE_SOURCE;
				MTL_FAST_MATH = YES;
				ONLY_ACTIVE_ARCH = YES;
				SDKROOT = iphoneos;
				SWIFT_ACTIVE_COMPILATION_CONDITIONS = DEBUG;
				SWIFT_OPTIMIZATION_LEVEL = "-Onone";
			};
			name = Debug;
		};
		3161DF6721CB59DD00185693 /* Release */ = {
			isa = XCBuildConfiguration;
			buildSettings = {
				ALWAYS_SEARCH_USER_PATHS = NO;
				CLANG_ANALYZER_NONNULL = YES;
				CLANG_ANALYZER_NUMBER_OBJECT_CONVERSION = YES_AGGRESSIVE;
				CLANG_CXX_LANGUAGE_STANDARD = "gnu++14";
				CLANG_CXX_LIBRARY = "libc++";
				CLANG_ENABLE_MODULES = YES;
				CLANG_ENABLE_OBJC_ARC = YES;
				CLANG_ENABLE_OBJC_WEAK = YES;
				CLANG_WARN_BLOCK_CAPTURE_AUTORELEASING = YES;
				CLANG_WARN_BOOL_CONVERSION = YES;
				CLANG_WARN_COMMA = YES;
				CLANG_WARN_CONSTANT_CONVERSION = YES;
				CLANG_WARN_DEPRECATED_OBJC_IMPLEMENTATIONS = YES;
				CLANG_WARN_DIRECT_OBJC_ISA_USAGE = YES_ERROR;
				CLANG_WARN_DOCUMENTATION_COMMENTS = YES;
				CLANG_WARN_EMPTY_BODY = YES;
				CLANG_WARN_ENUM_CONVERSION = YES;
				CLANG_WARN_INFINITE_RECURSION = YES;
				CLANG_WARN_INT_CONVERSION = YES;
				CLANG_WARN_NON_LITERAL_NULL_CONVERSION = YES;
				CLANG_WARN_OBJC_IMPLICIT_RETAIN_SELF = YES;
				CLANG_WARN_OBJC_LITERAL_CONVERSION = YES;
				CLANG_WARN_OBJC_ROOT_CLASS = YES_ERROR;
				CLANG_WARN_RANGE_LOOP_ANALYSIS = YES;
				CLANG_WARN_STRICT_PROTOTYPES = YES;
				CLANG_WARN_SUSPICIOUS_MOVE = YES;
				CLANG_WARN_UNGUARDED_AVAILABILITY = YES_AGGRESSIVE;
				CLANG_WARN_UNREACHABLE_CODE = YES;
				CLANG_WARN__DUPLICATE_METHOD_MATCH = YES;
				CODE_SIGN_IDENTITY = "iPhone Developer";
				COPY_PHASE_STRIP = NO;
				DEBUG_INFORMATION_FORMAT = "dwarf-with-dsym";
				ENABLE_NS_ASSERTIONS = NO;
				ENABLE_STRICT_OBJC_MSGSEND = YES;
				GCC_C_LANGUAGE_STANDARD = gnu11;
				GCC_NO_COMMON_BLOCKS = YES;
				GCC_WARN_64_TO_32_BIT_CONVERSION = YES;
				GCC_WARN_ABOUT_RETURN_TYPE = YES_ERROR;
				GCC_WARN_UNDECLARED_SELECTOR = YES;
				GCC_WARN_UNINITIALIZED_AUTOS = YES_AGGRESSIVE;
				GCC_WARN_UNUSED_FUNCTION = YES;
				GCC_WARN_UNUSED_VARIABLE = YES;
				IPHONEOS_DEPLOYMENT_TARGET = 12.1;
				MTL_ENABLE_DEBUG_INFO = NO;
				MTL_FAST_MATH = YES;
				SDKROOT = iphoneos;
				SWIFT_COMPILATION_MODE = wholemodule;
				SWIFT_OPTIMIZATION_LEVEL = "-O";
				VALIDATE_PRODUCT = YES;
			};
			name = Release;
		};
		3161DF6921CB59DD00185693 /* Debug */ = {
			isa = XCBuildConfiguration;
			buildSettings = {
				ASSETCATALOG_COMPILER_APPICON_NAME = AppIcon;
				CODE_SIGN_STYLE = Automatic;
				DEVELOPMENT_TEAM = TA98JZSM8D;
				INFOPLIST_FILE = RxSwiftFake/Info.plist;
				LD_RUNPATH_SEARCH_PATHS = (
					"$(inherited)",
					"@executable_path/Frameworks",
				);
				PRODUCT_BUNDLE_IDENTIFIER = com.goluk.RxSwiftFake;
				PRODUCT_NAME = "$(TARGET_NAME)";
				SWIFT_OBJC_BRIDGING_HEADER = "$(SRCROOT)/RxSwiftFake/BridgingHeader.h";
				SWIFT_VERSION = 4.2;
				TARGETED_DEVICE_FAMILY = "1,2";
			};
			name = Debug;
		};
		3161DF6A21CB59DD00185693 /* Release */ = {
			isa = XCBuildConfiguration;
			buildSettings = {
				ASSETCATALOG_COMPILER_APPICON_NAME = AppIcon;
				CODE_SIGN_STYLE = Automatic;
				DEVELOPMENT_TEAM = TA98JZSM8D;
				INFOPLIST_FILE = RxSwiftFake/Info.plist;
				LD_RUNPATH_SEARCH_PATHS = (
					"$(inherited)",
					"@executable_path/Frameworks",
				);
				PRODUCT_BUNDLE_IDENTIFIER = com.goluk.RxSwiftFake;
				PRODUCT_NAME = "$(TARGET_NAME)";
				SWIFT_OBJC_BRIDGING_HEADER = "$(SRCROOT)/RxSwiftFake/BridgingHeader.h";
				SWIFT_VERSION = 4.2;
				TARGETED_DEVICE_FAMILY = "1,2";
			};
			name = Release;
		};
		3161DF6C21CB59DD00185693 /* Debug */ = {
			isa = XCBuildConfiguration;
			buildSettings = {
				ALWAYS_EMBED_SWIFT_STANDARD_LIBRARIES = YES;
				BUNDLE_LOADER = "$(TEST_HOST)";
				CODE_SIGN_STYLE = Automatic;
				DEVELOPMENT_TEAM = TA98JZSM8D;
				INFOPLIST_FILE = RxSwiftFakeTests/Info.plist;
				LD_RUNPATH_SEARCH_PATHS = (
					"$(inherited)",
					"@executable_path/Frameworks",
					"@loader_path/Frameworks",
				);
				PRODUCT_BUNDLE_IDENTIFIER = com.goluk.RxSwiftFakeTests;
				PRODUCT_NAME = "$(TARGET_NAME)";
				SWIFT_VERSION = 4.2;
				TARGETED_DEVICE_FAMILY = "1,2";
				TEST_HOST = "$(BUILT_PRODUCTS_DIR)/RxSwiftFake.app/RxSwiftFake";
			};
			name = Debug;
		};
		3161DF6D21CB59DD00185693 /* Release */ = {
			isa = XCBuildConfiguration;
			buildSettings = {
				ALWAYS_EMBED_SWIFT_STANDARD_LIBRARIES = YES;
				BUNDLE_LOADER = "$(TEST_HOST)";
				CODE_SIGN_STYLE = Automatic;
				DEVELOPMENT_TEAM = TA98JZSM8D;
				INFOPLIST_FILE = RxSwiftFakeTests/Info.plist;
				LD_RUNPATH_SEARCH_PATHS = (
					"$(inherited)",
					"@executable_path/Frameworks",
					"@loader_path/Frameworks",
				);
				PRODUCT_BUNDLE_IDENTIFIER = com.goluk.RxSwiftFakeTests;
				PRODUCT_NAME = "$(TARGET_NAME)";
				SWIFT_VERSION = 4.2;
				TARGETED_DEVICE_FAMILY = "1,2";
				TEST_HOST = "$(BUILT_PRODUCTS_DIR)/RxSwiftFake.app/RxSwiftFake";
			};
			name = Release;
		};
		3161DF6F21CB59DD00185693 /* Debug */ = {
			isa = XCBuildConfiguration;
			buildSettings = {
				ALWAYS_EMBED_SWIFT_STANDARD_LIBRARIES = YES;
				CODE_SIGN_STYLE = Automatic;
				DEVELOPMENT_TEAM = TA98JZSM8D;
				INFOPLIST_FILE = RxSwiftFakeUITests/Info.plist;
				LD_RUNPATH_SEARCH_PATHS = (
					"$(inherited)",
					"@executable_path/Frameworks",
					"@loader_path/Frameworks",
				);
				PRODUCT_BUNDLE_IDENTIFIER = com.goluk.RxSwiftFakeUITests;
				PRODUCT_NAME = "$(TARGET_NAME)";
				SWIFT_VERSION = 4.2;
				TARGETED_DEVICE_FAMILY = "1,2";
				TEST_TARGET_NAME = RxSwiftFake;
			};
			name = Debug;
		};
		3161DF7021CB59DD00185693 /* Release */ = {
			isa = XCBuildConfiguration;
			buildSettings = {
				ALWAYS_EMBED_SWIFT_STANDARD_LIBRARIES = YES;
				CODE_SIGN_STYLE = Automatic;
				DEVELOPMENT_TEAM = TA98JZSM8D;
				INFOPLIST_FILE = RxSwiftFakeUITests/Info.plist;
				LD_RUNPATH_SEARCH_PATHS = (
					"$(inherited)",
					"@executable_path/Frameworks",
					"@loader_path/Frameworks",
				);
				PRODUCT_BUNDLE_IDENTIFIER = com.goluk.RxSwiftFakeUITests;
				PRODUCT_NAME = "$(TARGET_NAME)";
				SWIFT_VERSION = 4.2;
				TARGETED_DEVICE_FAMILY = "1,2";
				TEST_TARGET_NAME = RxSwiftFake;
			};
			name = Release;
		};
/* End XCBuildConfiguration section */

/* Begin XCConfigurationList section */
		3161DF3B21CB59DC00185693 /* Build configuration list for PBXProject "RxSwiftFake" */ = {
			isa = XCConfigurationList;
			buildConfigurations = (
				3161DF6621CB59DD00185693 /* Debug */,
				3161DF6721CB59DD00185693 /* Release */,
			);
			defaultConfigurationIsVisible = 0;
			defaultConfigurationName = Release;
		};
		3161DF6821CB59DD00185693 /* Build configuration list for PBXNativeTarget "RxSwiftFake" */ = {
			isa = XCConfigurationList;
			buildConfigurations = (
				3161DF6921CB59DD00185693 /* Debug */,
				3161DF6A21CB59DD00185693 /* Release */,
			);
			defaultConfigurationIsVisible = 0;
			defaultConfigurationName = Release;
		};
		3161DF6B21CB59DD00185693 /* Build configuration list for PBXNativeTarget "RxSwiftFakeTests" */ = {
			isa = XCConfigurationList;
			buildConfigurations = (
				3161DF6C21CB59DD00185693 /* Debug */,
				3161DF6D21CB59DD00185693 /* Release */,
			);
			defaultConfigurationIsVisible = 0;
			defaultConfigurationName = Release;
		};
		3161DF6E21CB59DD00185693 /* Build configuration list for PBXNativeTarget "RxSwiftFakeUITests" */ = {
			isa = XCConfigurationList;
			buildConfigurations = (
				3161DF6F21CB59DD00185693 /* Debug */,
				3161DF7021CB59DD00185693 /* Release */,
			);
			defaultConfigurationIsVisible = 0;
			defaultConfigurationName = Release;
		};
/* End XCConfigurationList section */
	};
	rootObject = 3161DF3821CB59DC00185693 /* Project object */;
}
