// !$*UTF8*$!
{
	archiveVersion = 1;
	classes = {
	};
	objectVersion = 50;
	objects = {

/* Begin PBXBuildFile section */
		3161DF4421CB59DC00185693 /* AppDelegate.swift in Sources */ = {isa = PBXBuildFile; fileRef = 3161DF4321CB59DC00185693 /* AppDelegate.swift */; };
		3161DF4621CB59DC00185693 /* ViewController.swift in Sources */ = {isa = PBXBuildFile; fileRef = 3161DF4521CB59DC00185693 /* ViewController.swift */; };
		3161DF4921CB59DC00185693 /* Main.storyboard in Resources */ = {isa = PBXBuildFile; fileRef = 3161DF4721CB59DC00185693 /* Main.storyboard */; };
		3161DF4B21CB59DD00185693 /* Assets.xcassets in Resources */ = {isa = PBXBuildFile; fileRef = 3161DF4A21CB59DD00185693 /* Assets.xcassets */; };
		3161DF4E21CB59DD00185693 /* LaunchScreen.storyboard in Resources */ = {isa = PBXBuildFile; fileRef = 3161DF4C21CB59DD00185693 /* LaunchScreen.storyboard */; };
		3161DF5921CB59DD00185693 /* RxSwiftFakeTests.swift in Sources */ = {isa = PBXBuildFile; fileRef = 3161DF5821CB59DD00185693 /* RxSwiftFakeTests.swift */; };
		3161DF6421CB59DD00185693 /* RxSwiftFakeUITests.swift in Sources */ = {isa = PBXBuildFile; fileRef = 3161DF6321CB59DD00185693 /* RxSwiftFakeUITests.swift */; };
		3161DF8D21CB816200185693 /* Rx.swift in Sources */ = {isa = PBXBuildFile; fileRef = 3161DF8C21CB816200185693 /* Rx.swift */; };
		3161DF9121CB853300185693 /* Disposable.swift in Sources */ = {isa = PBXBuildFile; fileRef = 3161DF9021CB853300185693 /* Disposable.swift */; };
		3161DF9321CB856100185693 /* Event.swift in Sources */ = {isa = PBXBuildFile; fileRef = 3161DF9221CB856100185693 /* Event.swift */; };
		3161DF9521CB859A00185693 /* ObservableConvertibleType.swift in Sources */ = {isa = PBXBuildFile; fileRef = 3161DF9421CB859A00185693 /* ObservableConvertibleType.swift */; };
		3161DF9721CB85BB00185693 /* ObservableType.swift in Sources */ = {isa = PBXBuildFile; fileRef = 3161DF9621CB85BB00185693 /* ObservableType.swift */; };
		3161DF9921CB85D000185693 /* Observable.swift in Sources */ = {isa = PBXBuildFile; fileRef = 3161DF9821CB85D000185693 /* Observable.swift */; };
		3161DF9B21CB864400185693 /* ObserverType.swift in Sources */ = {isa = PBXBuildFile; fileRef = 3161DF9A21CB864400185693 /* ObserverType.swift */; };
		3161DF9D21CB8AC500185693 /* ObservableType+Extensions.swift in Sources */ = {isa = PBXBuildFile; fileRef = 3161DF9C21CB8AC500185693 /* ObservableType+Extensions.swift */; };
		3161DF9F21CB8D0400185693 /* ObserverBase.swift in Sources */ = {isa = PBXBuildFile; fileRef = 3161DF9E21CB8D0400185693 /* ObserverBase.swift */; };
		3161DFA121CB8DE400185693 /* Platform.Darwin.swift in Sources */ = {isa = PBXBuildFile; fileRef = 3161DFA021CB8DE400185693 /* Platform.Darwin.swift */; };
		3161DFA621CBA89200185693 /* AnonymousObserver.swift in Sources */ = {isa = PBXBuildFile; fileRef = 3161DFA521CBA89200185693 /* AnonymousObserver.swift */; };
		3161DFA821CBAB1000185693 /* AnonymousDisposable.swift in Sources */ = {isa = PBXBuildFile; fileRef = 3161DFA721CBAB1000185693 /* AnonymousDisposable.swift */; };
		3161DFAA21CBAB5E00185693 /* DisposeBase.swift in Sources */ = {isa = PBXBuildFile; fileRef = 3161DFA921CBAB5E00185693 /* DisposeBase.swift */; };
		3161DFAC21CBAB8600185693 /* Cancelable.swift in Sources */ = {isa = PBXBuildFile; fileRef = 3161DFAB21CBAB8600185693 /* Cancelable.swift */; };
		3161DFAE21CBAC0F00185693 /* Disposables.swift in Sources */ = {isa = PBXBuildFile; fileRef = 3161DFAD21CBAC0F00185693 /* Disposables.swift */; };
		3161DFB021CBAE9C00185693 /* NopDisposable.swift in Sources */ = {isa = PBXBuildFile; fileRef = 3161DFAF21CBAE9C00185693 /* NopDisposable.swift */; };
		3161DFB321CBCCAE00185693 /* BinaryDisposable.swift in Sources */ = {isa = PBXBuildFile; fileRef = 3161DFB221CBCCAE00185693 /* BinaryDisposable.swift */; };
/* End PBXBuildFile section */

/* Begin PBXContainerItemProxy section */
		3161DF5521CB59DD00185693 /* PBXContainerItemProxy */ = {
			isa = PBXContainerItemProxy;
			containerPortal = 3161DF3821CB59DC00185693 /* Project object */;
			proxyType = 1;
			remoteGlobalIDString = 3161DF3F21CB59DC00185693;
			remoteInfo = RxSwiftFake;
		};
		3161DF6021CB59DD00185693 /* PBXContainerItemProxy */ = {
			isa = PBXContainerItemProxy;
			containerPortal = 3161DF3821CB59DC00185693 /* Project object */;
			proxyType = 1;
			remoteGlobalIDString = 3161DF3F21CB59DC00185693;
			remoteInfo = RxSwiftFake;
		};
/* End PBXContainerItemProxy section */

/* Begin PBXFileReference section */
		3161DF4021CB59DC00185693 /* RxSwiftFake.app */ = {isa = PBXFileReference; explicitFileType = wrapper.application; includeInIndex = 0; path = RxSwiftFake.app; sourceTree = BUILT_PRODUCTS_DIR; };
		3161DF4321CB59DC00185693 /* AppDelegate.swift */ = {isa = PBXFileReference; lastKnownFileType = sourcecode.swift; path = AppDelegate.swift; sourceTree = "<group>"; };
		3161DF4521CB59DC00185693 /* ViewController.swift */ = {isa = PBXFileReference; lastKnownFileType = sourcecode.swift; path = ViewController.swift; sourceTree = "<group>"; };
		3161DF4821CB59DC00185693 /* Base */ = {isa = PBXFileReference; lastKnownFileType = file.storyboard; name = Base; path = Base.lproj/Main.storyboard; sourceTree = "<group>"; };
		3161DF4A21CB59DD00185693 /* Assets.xcassets */ = {isa = PBXFileReference; lastKnownFileType = folder.assetcatalog; path = Assets.xcassets; sourceTree = "<group>"; };
		3161DF4D21CB59DD00185693 /* Base */ = {isa = PBXFileReference; lastKnownFileType = file.storyboard; name = Base; path = Base.lproj/LaunchScreen.storyboard; sourceTree = "<group>"; };
		3161DF4F21CB59DD00185693 /* Info.plist */ = {isa = PBXFileReference; lastKnownFileType = text.plist.xml; path = Info.plist; sourceTree = "<group>"; };
		3161DF5421CB59DD00185693 /* RxSwiftFakeTests.xctest */ = {isa = PBXFileReference; explicitFileType = wrapper.cfbundle; includeInIndex = 0; path = RxSwiftFakeTests.xctest; sourceTree = BUILT_PRODUCTS_DIR; };
		3161DF5821CB59DD00185693 /* RxSwiftFakeTests.swift */ = {isa = PBXFileReference; lastKnownFileType = sourcecode.swift; path = RxSwiftFakeTests.swift; sourceTree = "<group>"; };
		3161DF5A21CB59DD00185693 /* Info.plist */ = {isa = PBXFileReference; lastKnownFileType = text.plist.xml; path = Info.plist; sourceTree = "<group>"; };
		3161DF5F21CB59DD00185693 /* RxSwiftFakeUITests.xctest */ = {isa = PBXFileReference; explicitFileType = wrapper.cfbundle; includeInIndex = 0; path = RxSwiftFakeUITests.xctest; sourceTree = BUILT_PRODUCTS_DIR; };
		3161DF6321CB59DD00185693 /* RxSwiftFakeUITests.swift */ = {isa = PBXFileReference; lastKnownFileType = sourcecode.swift; path = RxSwiftFakeUITests.swift; sourceTree = "<group>"; };
		3161DF6521CB59DD00185693 /* Info.plist */ = {isa = PBXFileReference; lastKnownFileType = text.plist.xml; path = Info.plist; sourceTree = "<group>"; };
		3161DF8C21CB816200185693 /* Rx.swift */ = {isa = PBXFileReference; lastKnownFileType = sourcecode.swift; path = Rx.swift; sourceTree = "<group>"; };
		3161DF9021CB853300185693 /* Disposable.swift */ = {isa = PBXFileReference; lastKnownFileType = sourcecode.swift; path = Disposable.swift; sourceTree = "<group>"; };
		3161DF9221CB856100185693 /* Event.swift */ = {isa = PBXFileReference; lastKnownFileType = sourcecode.swift; path = Event.swift; sourceTree = "<group>"; };
		3161DF9421CB859A00185693 /* ObservableConvertibleType.swift */ = {isa = PBXFileReference; lastKnownFileType = sourcecode.swift; path = ObservableConvertibleType.swift; sourceTree = "<group>"; };
		3161DF9621CB85BB00185693 /* ObservableType.swift */ = {isa = PBXFileReference; lastKnownFileType = sourcecode.swift; path = ObservableType.swift; sourceTree = "<group>"; };
		3161DF9821CB85D000185693 /* Observable.swift */ = {isa = PBXFileReference; lastKnownFileType = sourcecode.swift; path = Observable.swift; sourceTree = "<group>"; };
		3161DF9A21CB864400185693 /* ObserverType.swift */ = {isa = PBXFileReference; lastKnownFileType = sourcecode.swift; path = ObserverType.swift; sourceTree = "<group>"; };
		3161DF9C21CB8AC500185693 /* ObservableType+Extensions.swift */ = {isa = PBXFileReference; lastKnownFileType = sourcecode.swift; path = "ObservableType+Extensions.swift"; sourceTree = "<group>"; };
		3161DF9E21CB8D0400185693 /* ObserverBase.swift */ = {isa = PBXFileReference; lastKnownFileType = sourcecode.swift; path = ObserverBase.swift; sourceTree = "<group>"; };
		3161DFA021CB8DE400185693 /* Platform.Darwin.swift */ = {isa = PBXFileReference; fileEncoding = 4; lastKnownFileType = sourcecode.swift; path = Platform.Darwin.swift; sourceTree = "<group>"; };
		3161DFA521CBA89200185693 /* AnonymousObserver.swift */ = {isa = PBXFileReference; lastKnownFileType = sourcecode.swift; path = AnonymousObserver.swift; sourceTree = "<group>"; };
		3161DFA721CBAB1000185693 /* AnonymousDisposable.swift */ = {isa = PBXFileReference; lastKnownFileType = sourcecode.swift; path = AnonymousDisposable.swift; sourceTree = "<group>"; };
		3161DFA921CBAB5E00185693 /* DisposeBase.swift */ = {isa = PBXFileReference; lastKnownFileType = sourcecode.swift; path = DisposeBase.swift; sourceTree = "<group>"; };
		3161DFAB21CBAB8600185693 /* Cancelable.swift */ = {isa = PBXFileReference; lastKnownFileType = sourcecode.swift; path = Cancelable.swift; sourceTree = "<group>"; };
		3161DFAD21CBAC0F00185693 /* Disposables.swift */ = {isa = PBXFileReference; lastKnownFileType = sourcecode.swift; path = Disposables.swift; sourceTree = "<group>"; };
		3161DFAF21CBAE9C00185693 /* NopDisposable.swift */ = {isa = PBXFileReference; lastKnownFileType = sourcecode.swift; path = NopDisposable.swift; sourceTree = "<group>"; };
		3161DFB221CBCCAE00185693 /* BinaryDisposable.swift */ = {isa = PBXFileReference; lastKnownFileType = sourcecode.swift; path = BinaryDisposable.swift; sourceTree = "<group>"; };
/* End PBXFileReference section */

/* Begin PBXFrameworksBuildPhase section */
		3161DF3D21CB59DC00185693 /* Frameworks */ = {
			isa = PBXFrameworksBuildPhase;
			buildActionMask = 2147483647;
			files = (
			);
			runOnlyForDeploymentPostprocessing = 0;
		};
		3161DF5121CB59DD00185693 /* Frameworks */ = {
			isa = PBXFrameworksBuildPhase;
			buildActionMask = 2147483647;
			files = (
			);
			runOnlyForDeploymentPostprocessing = 0;
		};
		3161DF5C21CB59DD00185693 /* Frameworks */ = {
			isa = PBXFrameworksBuildPhase;
			buildActionMask = 2147483647;
			files = (
			);
			runOnlyForDeploymentPostprocessing = 0;
		};
/* End PBXFrameworksBuildPhase section */

/* Begin PBXGroup section */
		3161DF3721CB59DC00185693 = {
			isa = PBXGroup;
			children = (
				3161DF7121CB59EE00185693 /* RxSwift */,
				3161DF4221CB59DC00185693 /* RxSwiftFake */,
				3161DF5721CB59DD00185693 /* RxSwiftFakeTests */,
				3161DF6221CB59DD00185693 /* RxSwiftFakeUITests */,
				3161DF4121CB59DC00185693 /* Products */,
			);
			sourceTree = "<group>";
		};
		3161DF4121CB59DC00185693 /* Products */ = {
			isa = PBXGroup;
			children = (
				3161DF4021CB59DC00185693 /* RxSwiftFake.app */,
				3161DF5421CB59DD00185693 /* RxSwiftFakeTests.xctest */,
				3161DF5F21CB59DD00185693 /* RxSwiftFakeUITests.xctest */,
			);
			name = Products;
			sourceTree = "<group>";
		};
		3161DF4221CB59DC00185693 /* RxSwiftFake */ = {
			isa = PBXGroup;
			children = (
				3161DF4321CB59DC00185693 /* AppDelegate.swift */,
				3161DF4521CB59DC00185693 /* ViewController.swift */,
				3161DF4721CB59DC00185693 /* Main.storyboard */,
				3161DF4A21CB59DD00185693 /* Assets.xcassets */,
				3161DF4C21CB59DD00185693 /* LaunchScreen.storyboard */,
				3161DF4F21CB59DD00185693 /* Info.plist */,
			);
			path = RxSwiftFake;
			sourceTree = "<group>";
		};
		3161DF5721CB59DD00185693 /* RxSwiftFakeTests */ = {
			isa = PBXGroup;
			children = (
				3161DF5821CB59DD00185693 /* RxSwiftFakeTests.swift */,
				3161DF5A21CB59DD00185693 /* Info.plist */,
			);
			path = RxSwiftFakeTests;
			sourceTree = "<group>";
		};
		3161DF6221CB59DD00185693 /* RxSwiftFakeUITests */ = {
			isa = PBXGroup;
			children = (
				3161DF6321CB59DD00185693 /* RxSwiftFakeUITests.swift */,
				3161DF6521CB59DD00185693 /* Info.plist */,
			);
			path = RxSwiftFakeUITests;
			sourceTree = "<group>";
		};
		3161DF7121CB59EE00185693 /* RxSwift */ = {
			isa = PBXGroup;
			children = (
				3161DFB121CBCBF600185693 /* Disposables */,
				3161DFA521CBA89200185693 /* AnonymousObserver.swift */,
				3161DF9221CB856100185693 /* Event.swift */,
				3161DF9821CB85D000185693 /* Observable.swift */,
				3161DF9421CB859A00185693 /* ObservableConvertibleType.swift */,
				3161DF9621CB85BB00185693 /* ObservableType.swift */,
				3161DF9C21CB8AC500185693 /* ObservableType+Extensions.swift */,
				3161DF9E21CB8D0400185693 /* ObserverBase.swift */,
				3161DF9A21CB864400185693 /* ObserverType.swift */,
				3161DFA021CB8DE400185693 /* Platform.Darwin.swift */,
				3161DF8C21CB816200185693 /* Rx.swift */,
			);
			path = RxSwift;
			sourceTree = "<group>";
		};
		3161DFB121CBCBF600185693 /* Disposables */ = {
			isa = PBXGroup;
			children = (
				3161DFA721CBAB1000185693 /* AnonymousDisposable.swift */,
				3161DFB221CBCCAE00185693 /* BinaryDisposable.swift */,
				3161DFAB21CBAB8600185693 /* Cancelable.swift */,
				3161DF9021CB853300185693 /* Disposable.swift */,
				3161DFAD21CBAC0F00185693 /* Disposables.swift */,
				3161DFA921CBAB5E00185693 /* DisposeBase.swift */,
				3161DFAF21CBAE9C00185693 /* NopDisposable.swift */,
			);
			path = Disposables;
			sourceTree = "<group>";
		};
/* End PBXGroup section */

/* Begin PBXNativeTarget section */
		3161DF3F21CB59DC00185693 /* RxSwiftFake */ = {
			isa = PBXNativeTarget;
			buildConfigurationList = 3161DF6821CB59DD00185693 /* Build configuration list for PBXNativeTarget "RxSwiftFake" */;
			buildPhases = (
				3161DF3C21CB59DC00185693 /* Sources */,
				3161DF3D21CB59DC00185693 /* Frameworks */,
				3161DF3E21CB59DC00185693 /* Resources */,
			);
			buildRules = (
			);
			dependencies = (
			);
			name = RxSwiftFake;
			productName = RxSwiftFake;
			productReference = 3161DF4021CB59DC00185693 /* RxSwiftFake.app */;
			productType = "com.apple.product-type.application";
		};
		3161DF5321CB59DD00185693 /* RxSwiftFakeTests */ = {
			isa = PBXNativeTarget;
			buildConfigurationList = 3161DF6B21CB59DD00185693 /* Build configuration list for PBXNativeTarget "RxSwiftFakeTests" */;
			buildPhases = (
				3161DF5021CB59DD00185693 /* Sources */,
				3161DF5121CB59DD00185693 /* Frameworks */,
				3161DF5221CB59DD00185693 /* Resources */,
			);
			buildRules = (
			);
			dependencies = (
				3161DF5621CB59DD00185693 /* PBXTargetDependency */,
			);
			name = RxSwiftFakeTests;
			productName = RxSwiftFakeTests;
			productReference = 3161DF5421CB59DD00185693 /* RxSwiftFakeTests.xctest */;
			productType = "com.apple.product-type.bundle.unit-test";
		};
		3161DF5E21CB59DD00185693 /* RxSwiftFakeUITests */ = {
			isa = PBXNativeTarget;
			buildConfigurationList = 3161DF6E21CB59DD00185693 /* Build configuration list for PBXNativeTarget "RxSwiftFakeUITests" */;
			buildPhases = (
				3161DF5B21CB59DD00185693 /* Sources */,
				3161DF5C21CB59DD00185693 /* Frameworks */,
				3161DF5D21CB59DD00185693 /* Resources */,
			);
			buildRules = (
			);
			dependencies = (
				3161DF6121CB59DD00185693 /* PBXTargetDependency */,
			);
			name = RxSwiftFakeUITests;
			productName = RxSwiftFakeUITests;
			productReference = 3161DF5F21CB59DD00185693 /* RxSwiftFakeUITests.xctest */;
			productType = "com.apple.product-type.bundle.ui-testing";
		};
/* End PBXNativeTarget section */

/* Begin PBXProject section */
		3161DF3821CB59DC00185693 /* Project object */ = {
			isa = PBXProject;
			attributes = {
				LastSwiftUpdateCheck = 1010;
				LastUpgradeCheck = 1010;
				ORGANIZATIONNAME = goluk;
				TargetAttributes = {
					3161DF3F21CB59DC00185693 = {
						CreatedOnToolsVersion = 10.1;
					};
					3161DF5321CB59DD00185693 = {
						CreatedOnToolsVersion = 10.1;
						TestTargetID = 3161DF3F21CB59DC00185693;
					};
					3161DF5E21CB59DD00185693 = {
						CreatedOnToolsVersion = 10.1;
						TestTargetID = 3161DF3F21CB59DC00185693;
					};
				};
			};
			buildConfigurationList = 3161DF3B21CB59DC00185693 /* Build configuration list for PBXProject "RxSwiftFake" */;
			compatibilityVersion = "Xcode 9.3";
			developmentRegion = en;
			hasScannedForEncodings = 0;
			knownRegions = (
				en,
				Base,
			);
			mainGroup = 3161DF3721CB59DC00185693;
			productRefGroup = 3161DF4121CB59DC00185693 /* Products */;
			projectDirPath = "";
			projectRoot = "";
			targets = (
				3161DF3F21CB59DC00185693 /* RxSwiftFake */,
				3161DF5321CB59DD00185693 /* RxSwiftFakeTests */,
				3161DF5E21CB59DD00185693 /* RxSwiftFakeUITests */,
			);
		};
/* End PBXProject section */

/* Begin PBXResourcesBuildPhase section */
		3161DF3E21CB59DC00185693 /* Resources */ = {
			isa = PBXResourcesBuildPhase;
			buildActionMask = 2147483647;
			files = (
				3161DF4E21CB59DD00185693 /* LaunchScreen.storyboard in Resources */,
				3161DF4B21CB59DD00185693 /* Assets.xcassets in Resources */,
				3161DF4921CB59DC00185693 /* Main.storyboard in Resources */,
			);
			runOnlyForDeploymentPostprocessing = 0;
		};
		3161DF5221CB59DD00185693 /* Resources */ = {
			isa = PBXResourcesBuildPhase;
			buildActionMask = 2147483647;
			files = (
			);
			runOnlyForDeploymentPostprocessing = 0;
		};
		3161DF5D21CB59DD00185693 /* Resources */ = {
			isa = PBXResourcesBuildPhase;
			buildActionMask = 2147483647;
			files = (
			);
			runOnlyForDeploymentPostprocessing = 0;
		};
/* End PBXResourcesBuildPhase section */

/* Begin PBXSourcesBuildPhase section */
		3161DF3C21CB59DC00185693 /* Sources */ = {
			isa = PBXSourcesBuildPhase;
			buildActionMask = 2147483647;
			files = (
				3161DF9B21CB864400185693 /* ObserverType.swift in Sources */,
				3161DFA821CBAB1000185693 /* AnonymousDisposable.swift in Sources */,
				3161DFA621CBA89200185693 /* AnonymousObserver.swift in Sources */,
				3161DF9921CB85D000185693 /* Observable.swift in Sources */,
				3161DF9D21CB8AC500185693 /* ObservableType+Extensions.swift in Sources */,
				3161DFAC21CBAB8600185693 /* Cancelable.swift in Sources */,
				3161DF9521CB859A00185693 /* ObservableConvertibleType.swift in Sources */,
				3161DF9721CB85BB00185693 /* ObservableType.swift in Sources */,
				3161DF8D21CB816200185693 /* Rx.swift in Sources */,
				3161DFAA21CBAB5E00185693 /* DisposeBase.swift in Sources */,
				3161DF9121CB853300185693 /* Disposable.swift in Sources */,
				3161DF4621CB59DC00185693 /* ViewController.swift in Sources */,
				3161DFB321CBCCAE00185693 /* BinaryDisposable.swift in Sources */,
				3161DFA121CB8DE400185693 /* Platform.Darwin.swift in Sources */,
				3161DFB021CBAE9C00185693 /* NopDisposable.swift in Sources */,
				3161DF9F21CB8D0400185693 /* ObserverBase.swift in Sources */,
				3161DFAE21CBAC0F00185693 /* Disposables.swift in Sources */,
				3161DF4421CB59DC00185693 /* AppDelegate.swift in Sources */,
				3161DF9321CB856100185693 /* Event.swift in Sources */,
			);
			runOnlyForDeploymentPostprocessing = 0;
		};
		3161DF5021CB59DD00185693 /* Sources */ = {
			isa = PBXSourcesBuildPhase;
			buildActionMask = 2147483647;
			files = (
				3161DF5921CB59DD00185693 /* RxSwiftFakeTests.swift in Sources */,
			);
			runOnlyForDeploymentPostprocessing = 0;
		};
		3161DF5B21CB59DD00185693 /* Sources */ = {
			isa = PBXSourcesBuildPhase;
			buildActionMask = 2147483647;
			files = (
				3161DF6421CB59DD00185693 /* RxSwiftFakeUITests.swift in Sources */,
			);
			runOnlyForDeploymentPostprocessing = 0;
		};
/* End PBXSourcesBuildPhase section */

/* Begin PBXTargetDependency section */
		3161DF5621CB59DD00185693 /* PBXTargetDependency */ = {
			isa = PBXTargetDependency;
			target = 3161DF3F21CB59DC00185693 /* RxSwiftFake */;
			targetProxy = 3161DF5521CB59DD00185693 /* PBXContainerItemProxy */;
		};
		3161DF6121CB59DD00185693 /* PBXTargetDependency */ = {
			isa = PBXTargetDependency;
			target = 3161DF3F21CB59DC00185693 /* RxSwiftFake */;
			targetProxy = 3161DF6021CB59DD00185693 /* PBXContainerItemProxy */;
		};
/* End PBXTargetDependency section */

/* Begin PBXVariantGroup section */
		3161DF4721CB59DC00185693 /* Main.storyboard */ = {
			isa = PBXVariantGroup;
			children = (
				3161DF4821CB59DC00185693 /* Base */,
			);
			name = Main.storyboard;
			sourceTree = "<group>";
		};
		3161DF4C21CB59DD00185693 /* LaunchScreen.storyboard */ = {
			isa = PBXVariantGroup;
			children = (
				3161DF4D21CB59DD00185693 /* Base */,
			);
			name = LaunchScreen.storyboard;
			sourceTree = "<group>";
		};
/* End PBXVariantGroup section */

/* Begin XCBuildConfiguration section */
		3161DF6621CB59DD00185693 /* Debug */ = {
			isa = XCBuildConfiguration;
			buildSettings = {
				ALWAYS_SEARCH_USER_PATHS = NO;
				CLANG_ANALYZER_NONNULL = YES;
				CLANG_ANALYZER_NUMBER_OBJECT_CONVERSION = YES_AGGRESSIVE;
				CLANG_CXX_LANGUAGE_STANDARD = "gnu++14";
				CLANG_CXX_LIBRARY = "libc++";
				CLANG_ENABLE_MODULES = YES;
				CLANG_ENABLE_OBJC_ARC = YES;
				CLANG_ENABLE_OBJC_WEAK = YES;
				CLANG_WARN_BLOCK_CAPTURE_AUTORELEASING = YES;
				CLANG_WARN_BOOL_CONVERSION = YES;
				CLANG_WARN_COMMA = YES;
				CLANG_WARN_CONSTANT_CONVERSION = YES;
				CLANG_WARN_DEPRECATED_OBJC_IMPLEMENTATIONS = YES;
				CLANG_WARN_DIRECT_OBJC_ISA_USAGE = YES_ERROR;
				CLANG_WARN_DOCUMENTATION_COMMENTS = YES;
				CLANG_WARN_EMPTY_BODY = YES;
				CLANG_WARN_ENUM_CONVERSION = YES;
				CLANG_WARN_INFINITE_RECURSION = YES;
				CLANG_WARN_INT_CONVERSION = YES;
				CLANG_WARN_NON_LITERAL_NULL_CONVERSION = YES;
				CLANG_WARN_OBJC_IMPLICIT_RETAIN_SELF = YES;
				CLANG_WARN_OBJC_LITERAL_CONVERSION = YES;
				CLANG_WARN_OBJC_ROOT_CLASS = YES_ERROR;
				CLANG_WARN_RANGE_LOOP_ANALYSIS = YES;
				CLANG_WARN_STRICT_PROTOTYPES = YES;
				CLANG_WARN_SUSPICIOUS_MOVE = YES;
				CLANG_WARN_UNGUARDED_AVAILABILITY = YES_AGGRESSIVE;
				CLANG_WARN_UNREACHABLE_CODE = YES;
				CLANG_WARN__DUPLICATE_METHOD_MATCH = YES;
				CODE_SIGN_IDENTITY = "iPhone Developer";
				COPY_PHASE_STRIP = NO;
				DEBUG_INFORMATION_FORMAT = dwarf;
				ENABLE_STRICT_OBJC_MSGSEND = YES;
				ENABLE_TESTABILITY = YES;
				GCC_C_LANGUAGE_STANDARD = gnu11;
				GCC_DYNAMIC_NO_PIC = NO;
				GCC_NO_COMMON_BLOCKS = YES;
				GCC_OPTIMIZATION_LEVEL = 0;
				GCC_PREPROCESSOR_DEFINITIONS = (
					"DEBUG=1",
					"$(inherited)",
				);
				GCC_WARN_64_TO_32_BIT_CONVERSION = YES;
				GCC_WARN_ABOUT_RETURN_TYPE = YES_ERROR;
				GCC_WARN_UNDECLARED_SELECTOR = YES;
				GCC_WARN_UNINITIALIZED_AUTOS = YES_AGGRESSIVE;
				GCC_WARN_UNUSED_FUNCTION = YES;
				GCC_WARN_UNUSED_VARIABLE = YES;
				IPHONEOS_DEPLOYMENT_TARGET = 12.1;
				MTL_ENABLE_DEBUG_INFO = INCLUDE_SOURCE;
				MTL_FAST_MATH = YES;
				ONLY_ACTIVE_ARCH = YES;
				SDKROOT = iphoneos;
				SWIFT_ACTIVE_COMPILATION_CONDITIONS = DEBUG;
				SWIFT_OPTIMIZATION_LEVEL = "-Onone";
			};
			name = Debug;
		};
		3161DF6721CB59DD00185693 /* Release */ = {
			isa = XCBuildConfiguration;
			buildSettings = {
				ALWAYS_SEARCH_USER_PATHS = NO;
				CLANG_ANALYZER_NONNULL = YES;
				CLANG_ANALYZER_NUMBER_OBJECT_CONVERSION = YES_AGGRESSIVE;
				CLANG_CXX_LANGUAGE_STANDARD = "gnu++14";
				CLANG_CXX_LIBRARY = "libc++";
				CLANG_ENABLE_MODULES = YES;
				CLANG_ENABLE_OBJC_ARC = YES;
				CLANG_ENABLE_OBJC_WEAK = YES;
				CLANG_WARN_BLOCK_CAPTURE_AUTORELEASING = YES;
				CLANG_WARN_BOOL_CONVERSION = YES;
				CLANG_WARN_COMMA = YES;
				CLANG_WARN_CONSTANT_CONVERSION = YES;
				CLANG_WARN_DEPRECATED_OBJC_IMPLEMENTATIONS = YES;
				CLANG_WARN_DIRECT_OBJC_ISA_USAGE = YES_ERROR;
				CLANG_WARN_DOCUMENTATION_COMMENTS = YES;
				CLANG_WARN_EMPTY_BODY = YES;
				CLANG_WARN_ENUM_CONVERSION = YES;
				CLANG_WARN_INFINITE_RECURSION = YES;
				CLANG_WARN_INT_CONVERSION = YES;
				CLANG_WARN_NON_LITERAL_NULL_CONVERSION = YES;
				CLANG_WARN_OBJC_IMPLICIT_RETAIN_SELF = YES;
				CLANG_WARN_OBJC_LITERAL_CONVERSION = YES;
				CLANG_WARN_OBJC_ROOT_CLASS = YES_ERROR;
				CLANG_WARN_RANGE_LOOP_ANALYSIS = YES;
				CLANG_WARN_STRICT_PROTOTYPES = YES;
				CLANG_WARN_SUSPICIOUS_MOVE = YES;
				CLANG_WARN_UNGUARDED_AVAILABILITY = YES_AGGRESSIVE;
				CLANG_WARN_UNREACHABLE_CODE = YES;
				CLANG_WARN__DUPLICATE_METHOD_MATCH = YES;
				CODE_SIGN_IDENTITY = "iPhone Developer";
				COPY_PHASE_STRIP = NO;
				DEBUG_INFORMATION_FORMAT = "dwarf-with-dsym";
				ENABLE_NS_ASSERTIONS = NO;
				ENABLE_STRICT_OBJC_MSGSEND = YES;
				GCC_C_LANGUAGE_STANDARD = gnu11;
				GCC_NO_COMMON_BLOCKS = YES;
				GCC_WARN_64_TO_32_BIT_CONVERSION = YES;
				GCC_WARN_ABOUT_RETURN_TYPE = YES_ERROR;
				GCC_WARN_UNDECLARED_SELECTOR = YES;
				GCC_WARN_UNINITIALIZED_AUTOS = YES_AGGRESSIVE;
				GCC_WARN_UNUSED_FUNCTION = YES;
				GCC_WARN_UNUSED_VARIABLE = YES;
				IPHONEOS_DEPLOYMENT_TARGET = 12.1;
				MTL_ENABLE_DEBUG_INFO = NO;
				MTL_FAST_MATH = YES;
				SDKROOT = iphoneos;
				SWIFT_COMPILATION_MODE = wholemodule;
				SWIFT_OPTIMIZATION_LEVEL = "-O";
				VALIDATE_PRODUCT = YES;
			};
			name = Release;
		};
		3161DF6921CB59DD00185693 /* Debug */ = {
			isa = XCBuildConfiguration;
			buildSettings = {
				ASSETCATALOG_COMPILER_APPICON_NAME = AppIcon;
				CODE_SIGN_STYLE = Automatic;
				DEVELOPMENT_TEAM = TA98JZSM8D;
				INFOPLIST_FILE = RxSwiftFake/Info.plist;
				LD_RUNPATH_SEARCH_PATHS = (
					"$(inherited)",
					"@executable_path/Frameworks",
				);
				PRODUCT_BUNDLE_IDENTIFIER = com.goluk.RxSwiftFake;
				PRODUCT_NAME = "$(TARGET_NAME)";
				SWIFT_VERSION = 4.2;
				TARGETED_DEVICE_FAMILY = "1,2";
			};
			name = Debug;
		};
		3161DF6A21CB59DD00185693 /* Release */ = {
			isa = XCBuildConfiguration;
			buildSettings = {
				ASSETCATALOG_COMPILER_APPICON_NAME = AppIcon;
				CODE_SIGN_STYLE = Automatic;
				DEVELOPMENT_TEAM = TA98JZSM8D;
				INFOPLIST_FILE = RxSwiftFake/Info.plist;
				LD_RUNPATH_SEARCH_PATHS = (
					"$(inherited)",
					"@executable_path/Frameworks",
				);
				PRODUCT_BUNDLE_IDENTIFIER = com.goluk.RxSwiftFake;
				PRODUCT_NAME = "$(TARGET_NAME)";
				SWIFT_VERSION = 4.2;
				TARGETED_DEVICE_FAMILY = "1,2";
			};
			name = Release;
		};
		3161DF6C21CB59DD00185693 /* Debug */ = {
			isa = XCBuildConfiguration;
			buildSettings = {
				ALWAYS_EMBED_SWIFT_STANDARD_LIBRARIES = YES;
				BUNDLE_LOADER = "$(TEST_HOST)";
				CODE_SIGN_STYLE = Automatic;
				DEVELOPMENT_TEAM = TA98JZSM8D;
				INFOPLIST_FILE = RxSwiftFakeTests/Info.plist;
				LD_RUNPATH_SEARCH_PATHS = (
					"$(inherited)",
					"@executable_path/Frameworks",
					"@loader_path/Frameworks",
				);
				PRODUCT_BUNDLE_IDENTIFIER = com.goluk.RxSwiftFakeTests;
				PRODUCT_NAME = "$(TARGET_NAME)";
				SWIFT_VERSION = 4.2;
				TARGETED_DEVICE_FAMILY = "1,2";
				TEST_HOST = "$(BUILT_PRODUCTS_DIR)/RxSwiftFake.app/RxSwiftFake";
			};
			name = Debug;
		};
		3161DF6D21CB59DD00185693 /* Release */ = {
			isa = XCBuildConfiguration;
			buildSettings = {
				ALWAYS_EMBED_SWIFT_STANDARD_LIBRARIES = YES;
				BUNDLE_LOADER = "$(TEST_HOST)";
				CODE_SIGN_STYLE = Automatic;
				DEVELOPMENT_TEAM = TA98JZSM8D;
				INFOPLIST_FILE = RxSwiftFakeTests/Info.plist;
				LD_RUNPATH_SEARCH_PATHS = (
					"$(inherited)",
					"@executable_path/Frameworks",
					"@loader_path/Frameworks",
				);
				PRODUCT_BUNDLE_IDENTIFIER = com.goluk.RxSwiftFakeTests;
				PRODUCT_NAME = "$(TARGET_NAME)";
				SWIFT_VERSION = 4.2;
				TARGETED_DEVICE_FAMILY = "1,2";
				TEST_HOST = "$(BUILT_PRODUCTS_DIR)/RxSwiftFake.app/RxSwiftFake";
			};
			name = Release;
		};
		3161DF6F21CB59DD00185693 /* Debug */ = {
			isa = XCBuildConfiguration;
			buildSettings = {
				ALWAYS_EMBED_SWIFT_STANDARD_LIBRARIES = YES;
				CODE_SIGN_STYLE = Automatic;
				DEVELOPMENT_TEAM = TA98JZSM8D;
				INFOPLIST_FILE = RxSwiftFakeUITests/Info.plist;
				LD_RUNPATH_SEARCH_PATHS = (
					"$(inherited)",
					"@executable_path/Frameworks",
					"@loader_path/Frameworks",
				);
				PRODUCT_BUNDLE_IDENTIFIER = com.goluk.RxSwiftFakeUITests;
				PRODUCT_NAME = "$(TARGET_NAME)";
				SWIFT_VERSION = 4.2;
				TARGETED_DEVICE_FAMILY = "1,2";
				TEST_TARGET_NAME = RxSwiftFake;
			};
			name = Debug;
		};
		3161DF7021CB59DD00185693 /* Release */ = {
			isa = XCBuildConfiguration;
			buildSettings = {
				ALWAYS_EMBED_SWIFT_STANDARD_LIBRARIES = YES;
				CODE_SIGN_STYLE = Automatic;
				DEVELOPMENT_TEAM = TA98JZSM8D;
				INFOPLIST_FILE = RxSwiftFakeUITests/Info.plist;
				LD_RUNPATH_SEARCH_PATHS = (
					"$(inherited)",
					"@executable_path/Frameworks",
					"@loader_path/Frameworks",
				);
				PRODUCT_BUNDLE_IDENTIFIER = com.goluk.RxSwiftFakeUITests;
				PRODUCT_NAME = "$(TARGET_NAME)";
				SWIFT_VERSION = 4.2;
				TARGETED_DEVICE_FAMILY = "1,2";
				TEST_TARGET_NAME = RxSwiftFake;
			};
			name = Release;
		};
/* End XCBuildConfiguration section */

/* Begin XCConfigurationList section */
		3161DF3B21CB59DC00185693 /* Build configuration list for PBXProject "RxSwiftFake" */ = {
			isa = XCConfigurationList;
			buildConfigurations = (
				3161DF6621CB59DD00185693 /* Debug */,
				3161DF6721CB59DD00185693 /* Release */,
			);
			defaultConfigurationIsVisible = 0;
			defaultConfigurationName = Release;
		};
		3161DF6821CB59DD00185693 /* Build configuration list for PBXNativeTarget "RxSwiftFake" */ = {
			isa = XCConfigurationList;
			buildConfigurations = (
				3161DF6921CB59DD00185693 /* Debug */,
				3161DF6A21CB59DD00185693 /* Release */,
			);
			defaultConfigurationIsVisible = 0;
			defaultConfigurationName = Release;
		};
		3161DF6B21CB59DD00185693 /* Build configuration list for PBXNativeTarget "RxSwiftFakeTests" */ = {
			isa = XCConfigurationList;
			buildConfigurations = (
				3161DF6C21CB59DD00185693 /* Debug */,
				3161DF6D21CB59DD00185693 /* Release */,
			);
			defaultConfigurationIsVisible = 0;
			defaultConfigurationName = Release;
		};
		3161DF6E21CB59DD00185693 /* Build configuration list for PBXNativeTarget "RxSwiftFakeUITests" */ = {
			isa = XCConfigurationList;
			buildConfigurations = (
				3161DF6F21CB59DD00185693 /* Debug */,
				3161DF7021CB59DD00185693 /* Release */,
			);
			defaultConfigurationIsVisible = 0;
			defaultConfigurationName = Release;
		};
/* End XCConfigurationList section */
	};
	rootObject = 3161DF3821CB59DC00185693 /* Project object */;
}
